// !$*UTF8*$!
{
	archiveVersion = 1;
	classes = {
	};
	objectVersion = 55;
	objects = {

/* Begin PBXBuildFile section */
		06301AAD27F3806700F80420 /* .swiftlint.yml in Resources */ = {isa = PBXBuildFile; fileRef = 06301AAC27F3806700F80420 /* .swiftlint.yml */; };
		06301AAE27F3806700F80420 /* .swiftlint.yml in Resources */ = {isa = PBXBuildFile; fileRef = 06301AAC27F3806700F80420 /* .swiftlint.yml */; };
		06301AAF27F3806700F80420 /* .swiftlint.yml in Resources */ = {isa = PBXBuildFile; fileRef = 06301AAC27F3806700F80420 /* .swiftlint.yml */; };
		0639B85A27EBB2E90041C408 /* String + Location.swift in Sources */ = {isa = PBXBuildFile; fileRef = 0639B85927EBB2E90041C408 /* String + Location.swift */; };
		0639B85B27EBB2E90041C408 /* String + Location.swift in Sources */ = {isa = PBXBuildFile; fileRef = 0639B85927EBB2E90041C408 /* String + Location.swift */; };
		0639B85C27EBB2E90041C408 /* String + Location.swift in Sources */ = {isa = PBXBuildFile; fileRef = 0639B85927EBB2E90041C408 /* String + Location.swift */; };
		0639B86727EBB5F40041C408 /* Localization.strings in Resources */ = {isa = PBXBuildFile; fileRef = 0639B86B27EBB5F40041C408 /* Localization.strings */; };
		0639B86827EBB5F40041C408 /* Localization.strings in Resources */ = {isa = PBXBuildFile; fileRef = 0639B86B27EBB5F40041C408 /* Localization.strings */; };
		0639B86927EBB5F40041C408 /* Localization.strings in Resources */ = {isa = PBXBuildFile; fileRef = 0639B86B27EBB5F40041C408 /* Localization.strings */; };
		0660F09827EE59B90099D32D /* gameplayIpadOS.mov in Resources */ = {isa = PBXBuildFile; fileRef = 0660F09727EE59B90099D32D /* gameplayIpadOS.mov */; };
		13030B7D27F5C54300406D1C /* OnboardScene.swift in Sources */ = {isa = PBXBuildFile; fileRef = 13030B7C27F5C54300406D1C /* OnboardScene.swift */; };
		13030B8027F5C56300406D1C /* OnboardScene.swift in Sources */ = {isa = PBXBuildFile; fileRef = 13030B7F27F5C56300406D1C /* OnboardScene.swift */; };
		132E23F527E130E2006CDEAB /* Items.swift in Sources */ = {isa = PBXBuildFile; fileRef = 132E23F427E130E2006CDEAB /* Items.swift */; };
		132E23F627E130E2006CDEAB /* Items.swift in Sources */ = {isa = PBXBuildFile; fileRef = 132E23F427E130E2006CDEAB /* Items.swift */; };
		132E23F727E130E2006CDEAB /* Items.swift in Sources */ = {isa = PBXBuildFile; fileRef = 132E23F427E130E2006CDEAB /* Items.swift */; };
		133D058727EE593D00DA8269 /* Haptic.json in Resources */ = {isa = PBXBuildFile; fileRef = 133D058627EE593D00DA8269 /* Haptic.json */; };
		133D058827EE593D00DA8269 /* Haptic.json in Resources */ = {isa = PBXBuildFile; fileRef = 133D058627EE593D00DA8269 /* Haptic.json */; };
		133D058927EE593D00DA8269 /* Haptic.json in Resources */ = {isa = PBXBuildFile; fileRef = 133D058627EE593D00DA8269 /* Haptic.json */; };
		133D058B27EE5D7C00DA8269 /* HapticService.swift in Sources */ = {isa = PBXBuildFile; fileRef = 133D058A27EE5D7C00DA8269 /* HapticService.swift */; };
		133D058C27EE5D7C00DA8269 /* HapticService.swift in Sources */ = {isa = PBXBuildFile; fileRef = 133D058A27EE5D7C00DA8269 /* HapticService.swift */; };
		133D058D27EE5D7C00DA8269 /* HapticService.swift in Sources */ = {isa = PBXBuildFile; fileRef = 133D058A27EE5D7C00DA8269 /* HapticService.swift */; };
		133D058F27EE611B00DA8269 /* loungeMusic.mp3 in Resources */ = {isa = PBXBuildFile; fileRef = 133D058E27EE611B00DA8269 /* loungeMusic.mp3 */; };
		133D059027EE611B00DA8269 /* loungeMusic.mp3 in Resources */ = {isa = PBXBuildFile; fileRef = 133D058E27EE611B00DA8269 /* loungeMusic.mp3 */; };
		133D059127EE611B00DA8269 /* loungeMusic.mp3 in Resources */ = {isa = PBXBuildFile; fileRef = 133D058E27EE611B00DA8269 /* loungeMusic.mp3 */; };
		133F7B7E27D67E910012CFDD /* GameController.swift in Sources */ = {isa = PBXBuildFile; fileRef = 133F7B7D27D67E910012CFDD /* GameController.swift */; };
		133F7B8027D67FA80012CFDD /* RenderController.swift in Sources */ = {isa = PBXBuildFile; fileRef = 133F7B7F27D67FA80012CFDD /* RenderController.swift */; };
		133F7B8127D681090012CFDD /* GameController.swift in Sources */ = {isa = PBXBuildFile; fileRef = 133F7B7D27D67E910012CFDD /* GameController.swift */; };
		133F7B8227D6810A0012CFDD /* GameController.swift in Sources */ = {isa = PBXBuildFile; fileRef = 133F7B7D27D67E910012CFDD /* GameController.swift */; };
		133F7B8427D6812E0012CFDD /* GameData.swift in Sources */ = {isa = PBXBuildFile; fileRef = 133F7B8327D6812E0012CFDD /* GameData.swift */; };
		133F7B8527D681310012CFDD /* GameData.swift in Sources */ = {isa = PBXBuildFile; fileRef = 133F7B8327D6812E0012CFDD /* GameData.swift */; };
		133F7B8627D681320012CFDD /* GameData.swift in Sources */ = {isa = PBXBuildFile; fileRef = 133F7B8327D6812E0012CFDD /* GameData.swift */; };
		133F7B8827D681560012CFDD /* Player.swift in Sources */ = {isa = PBXBuildFile; fileRef = 133F7B8727D681560012CFDD /* Player.swift */; };
		133F7B8927D681DB0012CFDD /* RenderController.swift in Sources */ = {isa = PBXBuildFile; fileRef = 133F7B7F27D67FA80012CFDD /* RenderController.swift */; };
		133F7B8A27D681DC0012CFDD /* RenderController.swift in Sources */ = {isa = PBXBuildFile; fileRef = 133F7B7F27D67FA80012CFDD /* RenderController.swift */; };
		133F7B8B27D681E20012CFDD /* Player.swift in Sources */ = {isa = PBXBuildFile; fileRef = 133F7B8727D681560012CFDD /* Player.swift */; };
		133F7B8C27D681E20012CFDD /* Player.swift in Sources */ = {isa = PBXBuildFile; fileRef = 133F7B8727D681560012CFDD /* Player.swift */; };
		133F7B8E27D6824B0012CFDD /* GameCommand.swift in Sources */ = {isa = PBXBuildFile; fileRef = 133F7B8D27D6824B0012CFDD /* GameCommand.swift */; };
		133F7B9027D682B80012CFDD /* Skin.swift in Sources */ = {isa = PBXBuildFile; fileRef = 133F7B8F27D682B80012CFDD /* Skin.swift */; };
		133F7B9127D683210012CFDD /* Skin.swift in Sources */ = {isa = PBXBuildFile; fileRef = 133F7B8F27D682B80012CFDD /* Skin.swift */; };
		133F7B9227D683220012CFDD /* Skin.swift in Sources */ = {isa = PBXBuildFile; fileRef = 133F7B8F27D682B80012CFDD /* Skin.swift */; };
		133F7B9327D683340012CFDD /* GameCommand.swift in Sources */ = {isa = PBXBuildFile; fileRef = 133F7B8D27D6824B0012CFDD /* GameCommand.swift */; };
		133F7B9427D683350012CFDD /* GameCommand.swift in Sources */ = {isa = PBXBuildFile; fileRef = 133F7B8D27D6824B0012CFDD /* GameCommand.swift */; };
		133F7B9627D6835D0012CFDD /* PowerUp.swift in Sources */ = {isa = PBXBuildFile; fileRef = 133F7B9527D6835D0012CFDD /* PowerUp.swift */; };
		133F7B9727D683630012CFDD /* PowerUp.swift in Sources */ = {isa = PBXBuildFile; fileRef = 133F7B9527D6835D0012CFDD /* PowerUp.swift */; };
		133F7B9827D683630012CFDD /* PowerUp.swift in Sources */ = {isa = PBXBuildFile; fileRef = 133F7B9527D6835D0012CFDD /* PowerUp.swift */; };
		133F7B9B27D69E350012CFDD /* JoystickDelegate.swift in Sources */ = {isa = PBXBuildFile; fileRef = 133F7B9A27D69E350012CFDD /* JoystickDelegate.swift */; };
		133F7B9D27D69E970012CFDD /* JoystickController.swift in Sources */ = {isa = PBXBuildFile; fileRef = 133F7B9C27D69E970012CFDD /* JoystickController.swift */; };
		133F7B9F27D69FC10012CFDD /* JoystickDelegate.swift in Sources */ = {isa = PBXBuildFile; fileRef = 133F7B9A27D69E350012CFDD /* JoystickDelegate.swift */; };
		133F7BA027D69FC10012CFDD /* JoystickDelegate.swift in Sources */ = {isa = PBXBuildFile; fileRef = 133F7B9A27D69E350012CFDD /* JoystickDelegate.swift */; };
		133F7BA127D69FC40012CFDD /* JoystickController.swift in Sources */ = {isa = PBXBuildFile; fileRef = 133F7B9C27D69E970012CFDD /* JoystickController.swift */; };
		133F7BA227D69FC40012CFDD /* JoystickController.swift in Sources */ = {isa = PBXBuildFile; fileRef = 133F7B9C27D69E970012CFDD /* JoystickController.swift */; };
		133F7BA527D6A8660012CFDD /* GameController+JoystickDelegate.swift in Sources */ = {isa = PBXBuildFile; fileRef = 133F7BA427D6A8660012CFDD /* GameController+JoystickDelegate.swift */; };
		1346CD1327E8F72500014B87 /* Model.xcdatamodeld in Sources */ = {isa = PBXBuildFile; fileRef = 1346CD1127E8F72500014B87 /* Model.xcdatamodeld */; };
		1346CD1427E8F72500014B87 /* Model.xcdatamodeld in Sources */ = {isa = PBXBuildFile; fileRef = 1346CD1127E8F72500014B87 /* Model.xcdatamodeld */; };
		1346CD1527E8F72500014B87 /* Model.xcdatamodeld in Sources */ = {isa = PBXBuildFile; fileRef = 1346CD1127E8F72500014B87 /* Model.xcdatamodeld */; };
		1346CD3C27E905CA00014B87 /* SkinData.swift in Sources */ = {isa = PBXBuildFile; fileRef = 1346CD3B27E905CA00014B87 /* SkinData.swift */; };
		1346CD3D27E905CA00014B87 /* SkinData.swift in Sources */ = {isa = PBXBuildFile; fileRef = 1346CD3B27E905CA00014B87 /* SkinData.swift */; };
		1346CD3E27E905CA00014B87 /* SkinData.swift in Sources */ = {isa = PBXBuildFile; fileRef = 1346CD3B27E905CA00014B87 /* SkinData.swift */; };
		1346CD4927E909A800014B87 /* CreateCoreData.swift in Sources */ = {isa = PBXBuildFile; fileRef = 1346CD4827E909A800014B87 /* CreateCoreData.swift */; };
		1346CD4A27E909A800014B87 /* CreateCoreData.swift in Sources */ = {isa = PBXBuildFile; fileRef = 1346CD4827E909A800014B87 /* CreateCoreData.swift */; };
		1346CD4B27E909A800014B87 /* CreateCoreData.swift in Sources */ = {isa = PBXBuildFile; fileRef = 1346CD4827E909A800014B87 /* CreateCoreData.swift */; };
		136B53B527F4E92400A5A21F /* OnboardScene.swift in Sources */ = {isa = PBXBuildFile; fileRef = 136B53B427F4E92400A5A21F /* OnboardScene.swift */; };
		13842CE927E2561800E1F88E /* Aldrich-Regular.ttf in Resources */ = {isa = PBXBuildFile; fileRef = 13842CE727E2561800E1F88E /* Aldrich-Regular.ttf */; };
		13842CEA27E2561800E1F88E /* Aldrich-Regular.ttf in Resources */ = {isa = PBXBuildFile; fileRef = 13842CE727E2561800E1F88E /* Aldrich-Regular.ttf */; };
		13842CEB27E2561800E1F88E /* Aldrich-Regular.ttf in Resources */ = {isa = PBXBuildFile; fileRef = 13842CE727E2561800E1F88E /* Aldrich-Regular.ttf */; };
		13842CEC27E2561800E1F88E /* OFL.txt in Resources */ = {isa = PBXBuildFile; fileRef = 13842CE827E2561800E1F88E /* OFL.txt */; };
		13842CED27E2561800E1F88E /* OFL.txt in Resources */ = {isa = PBXBuildFile; fileRef = 13842CE827E2561800E1F88E /* OFL.txt */; };
		13842CEE27E2561800E1F88E /* OFL.txt in Resources */ = {isa = PBXBuildFile; fileRef = 13842CE827E2561800E1F88E /* OFL.txt */; };
		13842CF127E2784900E1F88E /* SKButton.swift in Sources */ = {isa = PBXBuildFile; fileRef = B0C948F627DBEA7D00B671EA /* SKButton.swift */; };
		13842CF527E3B20B00E1F88E /* GameScene+tvOS.swift in Sources */ = {isa = PBXBuildFile; fileRef = 13842CF327E3B20B00E1F88E /* GameScene+tvOS.swift */; };
		14E29B3627EE3DCF00E9ED47 /* SwitchType.swift in Sources */ = {isa = PBXBuildFile; fileRef = 14E29B3527EE3DCF00E9ED47 /* SwitchType.swift */; };
		14E29B3727EE3DCF00E9ED47 /* SwitchType.swift in Sources */ = {isa = PBXBuildFile; fileRef = 14E29B3527EE3DCF00E9ED47 /* SwitchType.swift */; };
		14E29B3827EE3DCF00E9ED47 /* SwitchType.swift in Sources */ = {isa = PBXBuildFile; fileRef = 14E29B3527EE3DCF00E9ED47 /* SwitchType.swift */; };
		4A23210227F787EF009D9F62 /* GameKit.framework in Frameworks */ = {isa = PBXBuildFile; fileRef = 4A23210127F787EF009D9F62 /* GameKit.framework */; };
		4A23210427F787F7009D9F62 /* GameKit.framework in Frameworks */ = {isa = PBXBuildFile; fileRef = 4A23210327F787F7009D9F62 /* GameKit.framework */; };
		4AC05A6E27ECE3F1006F91DB /* SettingsPopUpScene+tvOS.swift in Sources */ = {isa = PBXBuildFile; fileRef = 4AC05A6C27ECE3F1006F91DB /* SettingsPopUpScene+tvOS.swift */; };
		4AEAEEF427D676B000BBD809 /* GameViewController.swift in Sources */ = {isa = PBXBuildFile; fileRef = 4AEAEEF327D676B000BBD809 /* GameViewController.swift */; };
		4AEAEEF727D676B000BBD809 /* Main.storyboard in Resources */ = {isa = PBXBuildFile; fileRef = 4AEAEEF527D676B000BBD809 /* Main.storyboard */; };
		4AEAEEFA27D676B000BBD809 /* LaunchScreen.storyboard in Resources */ = {isa = PBXBuildFile; fileRef = 4AEAEEF827D676B000BBD809 /* LaunchScreen.storyboard */; };
		4AEAEF0227D676B100BBD809 /* AppDelegate.swift in Sources */ = {isa = PBXBuildFile; fileRef = 4AEAEF0127D676B100BBD809 /* AppDelegate.swift */; };
		4AEAEF0427D676B100BBD809 /* GameViewController.swift in Sources */ = {isa = PBXBuildFile; fileRef = 4AEAEF0327D676B100BBD809 /* GameViewController.swift */; };
		4AEAEF0727D676B100BBD809 /* Main.storyboard in Resources */ = {isa = PBXBuildFile; fileRef = 4AEAEF0527D676B100BBD809 /* Main.storyboard */; };
		4AEAEF0A27D676B100BBD809 /* LaunchScreen.storyboard in Resources */ = {isa = PBXBuildFile; fileRef = 4AEAEF0827D676B100BBD809 /* LaunchScreen.storyboard */; };
		4AEAEF1227D676B100BBD809 /* AppDelegate.swift in Sources */ = {isa = PBXBuildFile; fileRef = 4AEAEF1127D676B100BBD809 /* AppDelegate.swift */; };
		4AEAEF1427D676B100BBD809 /* GameViewController.swift in Sources */ = {isa = PBXBuildFile; fileRef = 4AEAEF1327D676B100BBD809 /* GameViewController.swift */; };
		4AEAEF1727D676B100BBD809 /* Main.storyboard in Resources */ = {isa = PBXBuildFile; fileRef = 4AEAEF1527D676B100BBD809 /* Main.storyboard */; };
		4AEAEF1F27D676B100BBD809 /* GameScene.swift in Sources */ = {isa = PBXBuildFile; fileRef = 4AEAEEE827D676AE00BBD809 /* GameScene.swift */; };
		4AEAEF2027D676B100BBD809 /* GameScene.swift in Sources */ = {isa = PBXBuildFile; fileRef = 4AEAEEE827D676AE00BBD809 /* GameScene.swift */; };
		4AEAEF2127D676B100BBD809 /* GameScene.swift in Sources */ = {isa = PBXBuildFile; fileRef = 4AEAEEE827D676AE00BBD809 /* GameScene.swift */; };
		4AEAEF2227D676B100BBD809 /* Assets.xcassets in Resources */ = {isa = PBXBuildFile; fileRef = 4AEAEEE927D676B000BBD809 /* Assets.xcassets */; };
		4AEAEF2327D676B100BBD809 /* Assets.xcassets in Resources */ = {isa = PBXBuildFile; fileRef = 4AEAEEE927D676B000BBD809 /* Assets.xcassets */; };
		4AEAEF2427D676B100BBD809 /* Assets.xcassets in Resources */ = {isa = PBXBuildFile; fileRef = 4AEAEEE927D676B000BBD809 /* Assets.xcassets */; };
		A0768BEA27F77683008460A6 /* StoreScene.swift in Sources */ = {isa = PBXBuildFile; fileRef = A0768BE927F77682008460A6 /* StoreScene.swift */; };
		A0768BEE27F7780B008460A6 /* StoreScene.swift in Sources */ = {isa = PBXBuildFile; fileRef = A0768BED27F7780B008460A6 /* StoreScene.swift */; };
		A0768BF027F77A23008460A6 /* HomeScene.swift in Sources */ = {isa = PBXBuildFile; fileRef = A0768BEF27F77A23008460A6 /* HomeScene.swift */; };
		A0768BF227F77A2F008460A6 /* HomeScene.swift in Sources */ = {isa = PBXBuildFile; fileRef = A0768BF127F77A2F008460A6 /* HomeScene.swift */; };
		A0768BF427F77A37008460A6 /* HomeScene.swift in Sources */ = {isa = PBXBuildFile; fileRef = A0768BF327F77A37008460A6 /* HomeScene.swift */; };
		A0768BF627F794EF008460A6 /* SettingsScene.swift in Sources */ = {isa = PBXBuildFile; fileRef = A0768BF527F794EF008460A6 /* SettingsScene.swift */; };
		A0768BF827F79578008460A6 /* SettingsScene.swift in Sources */ = {isa = PBXBuildFile; fileRef = A0768BF727F79578008460A6 /* SettingsScene.swift */; };
		A0768BFA27F79638008460A6 /* SettingsScene.swift in Sources */ = {isa = PBXBuildFile; fileRef = A0768BF927F79638008460A6 /* SettingsScene.swift */; };
		A0768BFC27F7971A008460A6 /* GameOverScene.swift in Sources */ = {isa = PBXBuildFile; fileRef = A0768BFB27F7971A008460A6 /* GameOverScene.swift */; };
		A0768BFE27F797AA008460A6 /* GameOverScene.swift in Sources */ = {isa = PBXBuildFile; fileRef = A0768BFD27F797AA008460A6 /* GameOverScene.swift */; };
		A0768C0027F79841008460A6 /* GameOverScene.swift in Sources */ = {isa = PBXBuildFile; fileRef = A0768BFF27F79841008460A6 /* GameOverScene.swift */; };
		A0768C0227F79929008460A6 /* EggScene.swift in Sources */ = {isa = PBXBuildFile; fileRef = A0768C0127F79929008460A6 /* EggScene.swift */; };
		A0768C0627F79A0A008460A6 /* EggScene.swift in Sources */ = {isa = PBXBuildFile; fileRef = A0768C0527F79A0A008460A6 /* EggScene.swift */; };
		A095FD2927F625DD00EB0100 /* SettingsPopUpScene.swift in Sources */ = {isa = PBXBuildFile; fileRef = A095FD2827F625DD00EB0100 /* SettingsPopUpScene.swift */; };
		A095FD2B27F625F700EB0100 /* SettingsPopUpScene.swift in Sources */ = {isa = PBXBuildFile; fileRef = A095FD2A27F625F700EB0100 /* SettingsPopUpScene.swift */; };
		A095FD2D27F6261400EB0100 /* SettingsPopUpScene.swift in Sources */ = {isa = PBXBuildFile; fileRef = A095FD2C27F6261400EB0100 /* SettingsPopUpScene.swift */; };
		A6E3DA8027EA3AD900519FC7 /* AudioDelegate.swift in Sources */ = {isa = PBXBuildFile; fileRef = A6E3DA7F27EA3AD900519FC7 /* AudioDelegate.swift */; };
		A6E3DA8127EA3AD900519FC7 /* AudioDelegate.swift in Sources */ = {isa = PBXBuildFile; fileRef = A6E3DA7F27EA3AD900519FC7 /* AudioDelegate.swift */; };
		A6E3DA8227EA3AD900519FC7 /* AudioDelegate.swift in Sources */ = {isa = PBXBuildFile; fileRef = A6E3DA7F27EA3AD900519FC7 /* AudioDelegate.swift */; };
		A6FEAD2527DFD7CE005D20C4 /* AnalogStick.swift in Sources */ = {isa = PBXBuildFile; fileRef = B0BC21EB27D7EBD500B6366D /* AnalogStick.swift */; };
		B07A5D1027E10B7B00BD9998 /* BuyButtonType.swift in Sources */ = {isa = PBXBuildFile; fileRef = B07A5D0F27E10B7B00BD9998 /* BuyButtonType.swift */; };
		B07A5D1127E10B7B00BD9998 /* BuyButtonType.swift in Sources */ = {isa = PBXBuildFile; fileRef = B07A5D0F27E10B7B00BD9998 /* BuyButtonType.swift */; };
		B07A5D1227E10B7B00BD9998 /* BuyButtonType.swift in Sources */ = {isa = PBXBuildFile; fileRef = B07A5D0F27E10B7B00BD9998 /* BuyButtonType.swift */; };
		B09BAD9B27E25BBE00047A77 /* ButtonType.swift in Sources */ = {isa = PBXBuildFile; fileRef = B0EEDD8327DFB1C000372B2F /* ButtonType.swift */; };
		B09BAD9C27E25BBE00047A77 /* ButtonType.swift in Sources */ = {isa = PBXBuildFile; fileRef = B0EEDD8327DFB1C000372B2F /* ButtonType.swift */; };
		B0BC21E927D7CCFF00B6366D /* GameController+JoystickDelegate.swift in Sources */ = {isa = PBXBuildFile; fileRef = 133F7BA427D6A8660012CFDD /* GameController+JoystickDelegate.swift */; };
		B0BC21EA27D7CCFF00B6366D /* GameController+JoystickDelegate.swift in Sources */ = {isa = PBXBuildFile; fileRef = 133F7BA427D6A8660012CFDD /* GameController+JoystickDelegate.swift */; };
		B0BC21EC27D7EBD500B6366D /* AnalogStick.swift in Sources */ = {isa = PBXBuildFile; fileRef = B0BC21EB27D7EBD500B6366D /* AnalogStick.swift */; };
		B0C948F727DBEA7D00B671EA /* SKButton.swift in Sources */ = {isa = PBXBuildFile; fileRef = B0C948F627DBEA7D00B671EA /* SKButton.swift */; };
		B0EEDD8427DFB1C000372B2F /* ButtonType.swift in Sources */ = {isa = PBXBuildFile; fileRef = B0EEDD8327DFB1C000372B2F /* ButtonType.swift */; };
		B0EEDD8627DFD16F00372B2F /* DinoType.swift in Sources */ = {isa = PBXBuildFile; fileRef = B0EEDD8527DFD16F00372B2F /* DinoType.swift */; };
		B0EEDD8727DFD16F00372B2F /* DinoType.swift in Sources */ = {isa = PBXBuildFile; fileRef = B0EEDD8527DFD16F00372B2F /* DinoType.swift */; };
		B0EEDD8827DFD16F00372B2F /* DinoType.swift in Sources */ = {isa = PBXBuildFile; fileRef = B0EEDD8527DFD16F00372B2F /* DinoType.swift */; };
		B0EEDD8A27DFDD6300372B2F /* SegmentageType.swift in Sources */ = {isa = PBXBuildFile; fileRef = B0EEDD8927DFDD6300372B2F /* SegmentageType.swift */; };
		B0EEDD8B27DFDD6300372B2F /* SegmentageType.swift in Sources */ = {isa = PBXBuildFile; fileRef = B0EEDD8927DFDD6300372B2F /* SegmentageType.swift */; };
		B0EEDD8C27DFDD6300372B2F /* SegmentageType.swift in Sources */ = {isa = PBXBuildFile; fileRef = B0EEDD8927DFDD6300372B2F /* SegmentageType.swift */; };
		B0F162A527EA6975000DB51B /* ScoreTypes.swift in Sources */ = {isa = PBXBuildFile; fileRef = B0F162A427EA6975000DB51B /* ScoreTypes.swift */; };
		B0F162A627EA6975000DB51B /* ScoreTypes.swift in Sources */ = {isa = PBXBuildFile; fileRef = B0F162A427EA6975000DB51B /* ScoreTypes.swift */; };
		B0F162A727EA6975000DB51B /* ScoreTypes.swift in Sources */ = {isa = PBXBuildFile; fileRef = B0F162A427EA6975000DB51B /* ScoreTypes.swift */; };
		B0F1F07927EB9AEF009A9B1F /* GameOverButtonTypes.swift in Sources */ = {isa = PBXBuildFile; fileRef = B0F1F07827EB9AEF009A9B1F /* GameOverButtonTypes.swift */; };
		B0F1F07A27EB9AEF009A9B1F /* GameOverButtonTypes.swift in Sources */ = {isa = PBXBuildFile; fileRef = B0F1F07827EB9AEF009A9B1F /* GameOverButtonTypes.swift */; };
		B0F1F07B27EB9AEF009A9B1F /* GameOverButtonTypes.swift in Sources */ = {isa = PBXBuildFile; fileRef = B0F1F07827EB9AEF009A9B1F /* GameOverButtonTypes.swift */; };
		B0F1F08027EB9E2F009A9B1F /* MusicService.swift in Sources */ = {isa = PBXBuildFile; fileRef = B0F1F07F27EB9E2F009A9B1F /* MusicService.swift */; };
		B0F1F08127EB9E2F009A9B1F /* MusicService.swift in Sources */ = {isa = PBXBuildFile; fileRef = B0F1F07F27EB9E2F009A9B1F /* MusicService.swift */; };
		B0F1F08227EB9E2F009A9B1F /* MusicService.swift in Sources */ = {isa = PBXBuildFile; fileRef = B0F1F07F27EB9E2F009A9B1F /* MusicService.swift */; };
		B0F1F08427EBA7A0009A9B1F /* gamePlayMusic.mp3 in Resources */ = {isa = PBXBuildFile; fileRef = B0F1F08327EBA7A0009A9B1F /* gamePlayMusic.mp3 */; };
		B0F1F08527EBA7A0009A9B1F /* gamePlayMusic.mp3 in Resources */ = {isa = PBXBuildFile; fileRef = B0F1F08327EBA7A0009A9B1F /* gamePlayMusic.mp3 */; };
		B0F1F08627EBA7A0009A9B1F /* gamePlayMusic.mp3 in Resources */ = {isa = PBXBuildFile; fileRef = B0F1F08327EBA7A0009A9B1F /* gamePlayMusic.mp3 */; };
		B0F1F08827EBB922009A9B1F /* MusicType.swift in Sources */ = {isa = PBXBuildFile; fileRef = B0F1F08727EBB922009A9B1F /* MusicType.swift */; };
		B0F1F08927EBB922009A9B1F /* MusicType.swift in Sources */ = {isa = PBXBuildFile; fileRef = B0F1F08727EBB922009A9B1F /* MusicType.swift */; };
		B0F1F08A27EBB922009A9B1F /* MusicType.swift in Sources */ = {isa = PBXBuildFile; fileRef = B0F1F08727EBB922009A9B1F /* MusicType.swift */; };
		B0F1F08C27EBBF5A009A9B1F /* SoundAction.swift in Sources */ = {isa = PBXBuildFile; fileRef = B0F1F08B27EBBF5A009A9B1F /* SoundAction.swift */; };
		B0F1F08D27EBBF5A009A9B1F /* SoundAction.swift in Sources */ = {isa = PBXBuildFile; fileRef = B0F1F08B27EBBF5A009A9B1F /* SoundAction.swift */; };
		B0F1F08E27EBBF5A009A9B1F /* SoundAction.swift in Sources */ = {isa = PBXBuildFile; fileRef = B0F1F08B27EBBF5A009A9B1F /* SoundAction.swift */; };
		DF03BE4227E25D770005E872 /* MyScene.swift in Sources */ = {isa = PBXBuildFile; fileRef = DF03BE4127E25D770005E872 /* MyScene.swift */; };
		DF03BE4327E25D770005E872 /* MyScene.swift in Sources */ = {isa = PBXBuildFile; fileRef = DF03BE4127E25D770005E872 /* MyScene.swift */; };
		DF03BE4427E25D770005E872 /* MyScene.swift in Sources */ = {isa = PBXBuildFile; fileRef = DF03BE4127E25D770005E872 /* MyScene.swift */; };
		DF0C0C8727E3CD16001BBAFA /* Background.swift in Sources */ = {isa = PBXBuildFile; fileRef = DF0C0C8627E3CD16001BBAFA /* Background.swift */; };
		DF0C0C8827E3CD16001BBAFA /* Background.swift in Sources */ = {isa = PBXBuildFile; fileRef = DF0C0C8627E3CD16001BBAFA /* Background.swift */; };
		DF0C0C8927E3CD16001BBAFA /* Background.swift in Sources */ = {isa = PBXBuildFile; fileRef = DF0C0C8627E3CD16001BBAFA /* Background.swift */; };
		DF109F9627E8F89A0012139D /* GameStatus.swift in Sources */ = {isa = PBXBuildFile; fileRef = DF109F9527E8F89A0012139D /* GameStatus.swift */; };
		DF109F9727E8F89A0012139D /* GameStatus.swift in Sources */ = {isa = PBXBuildFile; fileRef = DF109F9527E8F89A0012139D /* GameStatus.swift */; };
		DF109F9827E8F89A0012139D /* GameStatus.swift in Sources */ = {isa = PBXBuildFile; fileRef = DF109F9527E8F89A0012139D /* GameStatus.swift */; };
		DF20483027EA48AF00C0F515 /* GameCenterController.swift in Sources */ = {isa = PBXBuildFile; fileRef = DF20482F27EA48AF00C0F515 /* GameCenterController.swift */; };
		DF20483127EA48B200C0F515 /* GameCenterController.swift in Sources */ = {isa = PBXBuildFile; fileRef = DF20482F27EA48AF00C0F515 /* GameCenterController.swift */; };
		DF20483227EA48B300C0F515 /* GameCenterController.swift in Sources */ = {isa = PBXBuildFile; fileRef = DF20482F27EA48AF00C0F515 /* GameCenterController.swift */; };
		DF20483527EA4B5A00C0F515 /* GameKit.framework in Frameworks */ = {isa = PBXBuildFile; fileRef = DF20483427EA4B5A00C0F515 /* GameKit.framework */; };
		DF2F5C5B27ECFD250018C99C /* gameplayMac.mov in Resources */ = {isa = PBXBuildFile; fileRef = DF2F5C5A27ECFD250018C99C /* gameplayMac.mov */; };
		DF2F5C5C27ECFD250018C99C /* gameplayMac.mov in Resources */ = {isa = PBXBuildFile; fileRef = DF2F5C5A27ECFD250018C99C /* gameplayMac.mov */; };
		DF2F5C6027ED01D10018C99C /* gameplayIOS.mov in Resources */ = {isa = PBXBuildFile; fileRef = DF2F5C5F27ED01D10018C99C /* gameplayIOS.mov */; };
		DF4D899627E4F3AB0052AE30 /* SKButton.swift in Sources */ = {isa = PBXBuildFile; fileRef = B0C948F627DBEA7D00B671EA /* SKButton.swift */; };
		DFDC9F3827F2349200DC93CD /* Haptic2.json in Resources */ = {isa = PBXBuildFile; fileRef = DFDC9F3727F2349200DC93CD /* Haptic2.json */; };
		DFDC9F3927F2349200DC93CD /* Haptic2.json in Resources */ = {isa = PBXBuildFile; fileRef = DFDC9F3727F2349200DC93CD /* Haptic2.json */; };
		DFDC9F3A27F2349200DC93CD /* Haptic2.json in Resources */ = {isa = PBXBuildFile; fileRef = DFDC9F3727F2349200DC93CD /* Haptic2.json */; };
		EE45F1CF27E27D6E0098B92F /* EggType.swift in Sources */ = {isa = PBXBuildFile; fileRef = EE45F1CE27E27D6E0098B92F /* EggType.swift */; };
		EE45F1D027E27D6E0098B92F /* EggType.swift in Sources */ = {isa = PBXBuildFile; fileRef = EE45F1CE27E27D6E0098B92F /* EggType.swift */; };
		EE45F1D127E27D6E0098B92F /* EggType.swift in Sources */ = {isa = PBXBuildFile; fileRef = EE45F1CE27E27D6E0098B92F /* EggType.swift */; };
		EEC28DD927E914A300A3E6E1 /* AppDelegate.swift in Sources */ = {isa = PBXBuildFile; fileRef = 4AEAEEF127D676B000BBD809 /* AppDelegate.swift */; };
/* End PBXBuildFile section */

/* Begin PBXFileReference section */
		06301AAC27F3806700F80420 /* .swiftlint.yml */ = {isa = PBXFileReference; lastKnownFileType = text.yaml; path = .swiftlint.yml; sourceTree = "<group>"; };
		0639B85927EBB2E90041C408 /* String + Location.swift */ = {isa = PBXFileReference; lastKnownFileType = sourcecode.swift; path = "String + Location.swift"; sourceTree = "<group>"; };
		0639B86A27EBB5F40041C408 /* en */ = {isa = PBXFileReference; lastKnownFileType = text.plist.strings; name = en; path = en.lproj/Localization.strings; sourceTree = "<group>"; };
		0639B86C27EBB6110041C408 /* pt-BR */ = {isa = PBXFileReference; lastKnownFileType = text.plist.strings; name = "pt-BR"; path = "pt-BR.lproj/Localization.strings"; sourceTree = "<group>"; };
		0660F09727EE59B90099D32D /* gameplayIpadOS.mov */ = {isa = PBXFileReference; lastKnownFileType = video.quicktime; path = gameplayIpadOS.mov; sourceTree = "<group>"; };
		06C59A7527ECFEA6007A459E /* es */ = {isa = PBXFileReference; lastKnownFileType = text.plist.strings; name = es; path = es.lproj/Localization.strings; sourceTree = "<group>"; };
		06C59A7627ED0994007A459E /* es-419 */ = {isa = PBXFileReference; lastKnownFileType = text.plist.strings; name = "es-419"; path = "es-419.lproj/Localization.strings"; sourceTree = "<group>"; };
		13030B7C27F5C54300406D1C /* OnboardScene.swift */ = {isa = PBXFileReference; lastKnownFileType = sourcecode.swift; path = OnboardScene.swift; sourceTree = "<group>"; };
		13030B7F27F5C56300406D1C /* OnboardScene.swift */ = {isa = PBXFileReference; lastKnownFileType = sourcecode.swift; path = OnboardScene.swift; sourceTree = "<group>"; };
		132E23F427E130E2006CDEAB /* Items.swift */ = {isa = PBXFileReference; lastKnownFileType = sourcecode.swift; path = Items.swift; sourceTree = "<group>"; };
		133D058627EE593D00DA8269 /* Haptic.json */ = {isa = PBXFileReference; lastKnownFileType = text.json; path = Haptic.json; sourceTree = "<group>"; };
		133D058A27EE5D7C00DA8269 /* HapticService.swift */ = {isa = PBXFileReference; lastKnownFileType = sourcecode.swift; path = HapticService.swift; sourceTree = "<group>"; };
		133D058E27EE611B00DA8269 /* loungeMusic.mp3 */ = {isa = PBXFileReference; lastKnownFileType = audio.mp3; path = loungeMusic.mp3; sourceTree = "<group>"; };
		133F7B7D27D67E910012CFDD /* GameController.swift */ = {isa = PBXFileReference; lastKnownFileType = sourcecode.swift; path = GameController.swift; sourceTree = "<group>"; };
		133F7B7F27D67FA80012CFDD /* RenderController.swift */ = {isa = PBXFileReference; lastKnownFileType = sourcecode.swift; path = RenderController.swift; sourceTree = "<group>"; };
		133F7B8327D6812E0012CFDD /* GameData.swift */ = {isa = PBXFileReference; lastKnownFileType = sourcecode.swift; path = GameData.swift; sourceTree = "<group>"; };
		133F7B8727D681560012CFDD /* Player.swift */ = {isa = PBXFileReference; lastKnownFileType = sourcecode.swift; path = Player.swift; sourceTree = "<group>"; };
		133F7B8D27D6824B0012CFDD /* GameCommand.swift */ = {isa = PBXFileReference; lastKnownFileType = sourcecode.swift; path = GameCommand.swift; sourceTree = "<group>"; };
		133F7B8F27D682B80012CFDD /* Skin.swift */ = {isa = PBXFileReference; lastKnownFileType = sourcecode.swift; path = Skin.swift; sourceTree = "<group>"; };
		133F7B9527D6835D0012CFDD /* PowerUp.swift */ = {isa = PBXFileReference; lastKnownFileType = sourcecode.swift; path = PowerUp.swift; sourceTree = "<group>"; };
		133F7B9A27D69E350012CFDD /* JoystickDelegate.swift */ = {isa = PBXFileReference; lastKnownFileType = sourcecode.swift; path = JoystickDelegate.swift; sourceTree = "<group>"; };
		133F7B9C27D69E970012CFDD /* JoystickController.swift */ = {isa = PBXFileReference; lastKnownFileType = sourcecode.swift; path = JoystickController.swift; sourceTree = "<group>"; };
		133F7BA427D6A8660012CFDD /* GameController+JoystickDelegate.swift */ = {isa = PBXFileReference; lastKnownFileType = sourcecode.swift; path = "GameController+JoystickDelegate.swift"; sourceTree = "<group>"; };
		1346CD1227E8F72500014B87 /* Model.xcdatamodel */ = {isa = PBXFileReference; lastKnownFileType = wrapper.xcdatamodel; path = Model.xcdatamodel; sourceTree = "<group>"; };
		1346CD3B27E905CA00014B87 /* SkinData.swift */ = {isa = PBXFileReference; lastKnownFileType = sourcecode.swift; path = SkinData.swift; sourceTree = "<group>"; };
		1346CD4827E909A800014B87 /* CreateCoreData.swift */ = {isa = PBXFileReference; lastKnownFileType = sourcecode.swift; path = CreateCoreData.swift; sourceTree = "<group>"; };
		136B53B427F4E92400A5A21F /* OnboardScene.swift */ = {isa = PBXFileReference; lastKnownFileType = sourcecode.swift; path = OnboardScene.swift; sourceTree = "<group>"; };
		13842CE727E2561800E1F88E /* Aldrich-Regular.ttf */ = {isa = PBXFileReference; lastKnownFileType = file; path = "Aldrich-Regular.ttf"; sourceTree = "<group>"; };
		13842CE827E2561800E1F88E /* OFL.txt */ = {isa = PBXFileReference; fileEncoding = 4; lastKnownFileType = text; path = OFL.txt; sourceTree = "<group>"; };
		13842CF327E3B20B00E1F88E /* GameScene+tvOS.swift */ = {isa = PBXFileReference; lastKnownFileType = sourcecode.swift; path = "GameScene+tvOS.swift"; sourceTree = "<group>"; };
		14E29B3527EE3DCF00E9ED47 /* SwitchType.swift */ = {isa = PBXFileReference; lastKnownFileType = sourcecode.swift; path = SwitchType.swift; sourceTree = "<group>"; };
		4A23210127F787EF009D9F62 /* GameKit.framework */ = {isa = PBXFileReference; lastKnownFileType = wrapper.framework; name = GameKit.framework; path = Platforms/AppleTVOS.platform/Developer/SDKs/AppleTVOS15.4.sdk/System/Library/Frameworks/GameKit.framework; sourceTree = DEVELOPER_DIR; };
		4A23210327F787F7009D9F62 /* GameKit.framework */ = {isa = PBXFileReference; lastKnownFileType = wrapper.framework; name = GameKit.framework; path = System/Library/Frameworks/GameKit.framework; sourceTree = SDKROOT; };
		4AC05A6C27ECE3F1006F91DB /* SettingsPopUpScene+tvOS.swift */ = {isa = PBXFileReference; lastKnownFileType = sourcecode.swift; path = "SettingsPopUpScene+tvOS.swift"; sourceTree = "<group>"; };
		4AEAEEE827D676AE00BBD809 /* GameScene.swift */ = {isa = PBXFileReference; lastKnownFileType = sourcecode.swift; path = GameScene.swift; sourceTree = "<group>"; };
		4AEAEEE927D676B000BBD809 /* Assets.xcassets */ = {isa = PBXFileReference; lastKnownFileType = folder.assetcatalog; name = Assets.xcassets; path = "DinoEscape Shared/Assets.xcassets"; sourceTree = "<group>"; };
		4AEAEEEE27D676B000BBD809 /* DinoEscape.app */ = {isa = PBXFileReference; explicitFileType = wrapper.application; includeInIndex = 0; path = DinoEscape.app; sourceTree = BUILT_PRODUCTS_DIR; };
		4AEAEEF127D676B000BBD809 /* AppDelegate.swift */ = {isa = PBXFileReference; lastKnownFileType = sourcecode.swift; path = AppDelegate.swift; sourceTree = "<group>"; };
		4AEAEEF327D676B000BBD809 /* GameViewController.swift */ = {isa = PBXFileReference; lastKnownFileType = sourcecode.swift; path = GameViewController.swift; sourceTree = "<group>"; };
		4AEAEEF627D676B000BBD809 /* Base */ = {isa = PBXFileReference; lastKnownFileType = file.storyboard; name = Base; path = Base.lproj/Main.storyboard; sourceTree = "<group>"; };
		4AEAEEF927D676B000BBD809 /* Base */ = {isa = PBXFileReference; lastKnownFileType = file.storyboard; name = Base; path = Base.lproj/LaunchScreen.storyboard; sourceTree = "<group>"; };
		4AEAEEFF27D676B100BBD809 /* DinoEscape.app */ = {isa = PBXFileReference; explicitFileType = wrapper.application; includeInIndex = 0; path = DinoEscape.app; sourceTree = BUILT_PRODUCTS_DIR; };
		4AEAEF0127D676B100BBD809 /* AppDelegate.swift */ = {isa = PBXFileReference; lastKnownFileType = sourcecode.swift; path = AppDelegate.swift; sourceTree = "<group>"; };
		4AEAEF0327D676B100BBD809 /* GameViewController.swift */ = {isa = PBXFileReference; lastKnownFileType = sourcecode.swift; path = GameViewController.swift; sourceTree = "<group>"; };
		4AEAEF0627D676B100BBD809 /* Base */ = {isa = PBXFileReference; lastKnownFileType = file.storyboard; name = Base; path = Base.lproj/Main.storyboard; sourceTree = "<group>"; };
		4AEAEF0927D676B100BBD809 /* Base */ = {isa = PBXFileReference; lastKnownFileType = file.storyboard; name = Base; path = Base.lproj/LaunchScreen.storyboard; sourceTree = "<group>"; };
		4AEAEF0F27D676B100BBD809 /* DinoEscape.app */ = {isa = PBXFileReference; explicitFileType = wrapper.application; includeInIndex = 0; path = DinoEscape.app; sourceTree = BUILT_PRODUCTS_DIR; };
		4AEAEF1127D676B100BBD809 /* AppDelegate.swift */ = {isa = PBXFileReference; lastKnownFileType = sourcecode.swift; path = AppDelegate.swift; sourceTree = "<group>"; };
		4AEAEF1327D676B100BBD809 /* GameViewController.swift */ = {isa = PBXFileReference; lastKnownFileType = sourcecode.swift; path = GameViewController.swift; sourceTree = "<group>"; };
		4AEAEF1627D676B100BBD809 /* Base */ = {isa = PBXFileReference; lastKnownFileType = file.storyboard; name = Base; path = Base.lproj/Main.storyboard; sourceTree = "<group>"; };
		4AEAEF1827D676B100BBD809 /* DinoEscape_macOS.entitlements */ = {isa = PBXFileReference; lastKnownFileType = text.plist.entitlements; path = DinoEscape_macOS.entitlements; sourceTree = "<group>"; };
		A0635E9727DFD21E008EC4A1 /* DinoEscape-iOS-Info.plist */ = {isa = PBXFileReference; lastKnownFileType = text.plist; path = "DinoEscape-iOS-Info.plist"; sourceTree = SOURCE_ROOT; };
		A0635E9827DFD267008EC4A1 /* DinoEscape-tvOS-Info.plist */ = {isa = PBXFileReference; lastKnownFileType = text.plist; path = "DinoEscape-tvOS-Info.plist"; sourceTree = SOURCE_ROOT; };
		A0635E9927DFD269008EC4A1 /* DinoEscape-macOS-Info.plist */ = {isa = PBXFileReference; lastKnownFileType = text.plist; path = "DinoEscape-macOS-Info.plist"; sourceTree = SOURCE_ROOT; };
		A0768BE927F77682008460A6 /* StoreScene.swift */ = {isa = PBXFileReference; lastKnownFileType = sourcecode.swift; path = StoreScene.swift; sourceTree = "<group>"; };
		A0768BED27F7780B008460A6 /* StoreScene.swift */ = {isa = PBXFileReference; lastKnownFileType = sourcecode.swift; path = StoreScene.swift; sourceTree = "<group>"; };
		A0768BEF27F77A23008460A6 /* HomeScene.swift */ = {isa = PBXFileReference; fileEncoding = 4; lastKnownFileType = sourcecode.swift; path = HomeScene.swift; sourceTree = "<group>"; };
		A0768BF127F77A2F008460A6 /* HomeScene.swift */ = {isa = PBXFileReference; fileEncoding = 4; lastKnownFileType = sourcecode.swift; path = HomeScene.swift; sourceTree = "<group>"; };
		A0768BF327F77A37008460A6 /* HomeScene.swift */ = {isa = PBXFileReference; fileEncoding = 4; lastKnownFileType = sourcecode.swift; path = HomeScene.swift; sourceTree = "<group>"; };
		A0768BF527F794EF008460A6 /* SettingsScene.swift */ = {isa = PBXFileReference; lastKnownFileType = sourcecode.swift; path = SettingsScene.swift; sourceTree = "<group>"; };
		A0768BF727F79578008460A6 /* SettingsScene.swift */ = {isa = PBXFileReference; lastKnownFileType = sourcecode.swift; path = SettingsScene.swift; sourceTree = "<group>"; };
		A0768BF927F79638008460A6 /* SettingsScene.swift */ = {isa = PBXFileReference; lastKnownFileType = sourcecode.swift; path = SettingsScene.swift; sourceTree = "<group>"; };
		A0768BFB27F7971A008460A6 /* GameOverScene.swift */ = {isa = PBXFileReference; lastKnownFileType = sourcecode.swift; path = GameOverScene.swift; sourceTree = "<group>"; };
		A0768BFD27F797AA008460A6 /* GameOverScene.swift */ = {isa = PBXFileReference; lastKnownFileType = sourcecode.swift; path = GameOverScene.swift; sourceTree = "<group>"; };
		A0768BFF27F79841008460A6 /* GameOverScene.swift */ = {isa = PBXFileReference; lastKnownFileType = sourcecode.swift; path = GameOverScene.swift; sourceTree = "<group>"; };
		A0768C0127F79929008460A6 /* EggScene.swift */ = {isa = PBXFileReference; lastKnownFileType = sourcecode.swift; path = EggScene.swift; sourceTree = "<group>"; };
		A0768C0527F79A0A008460A6 /* EggScene.swift */ = {isa = PBXFileReference; lastKnownFileType = sourcecode.swift; path = EggScene.swift; sourceTree = "<group>"; };
		A095FD2827F625DD00EB0100 /* SettingsPopUpScene.swift */ = {isa = PBXFileReference; lastKnownFileType = sourcecode.swift; path = SettingsPopUpScene.swift; sourceTree = "<group>"; };
		A095FD2A27F625F700EB0100 /* SettingsPopUpScene.swift */ = {isa = PBXFileReference; lastKnownFileType = sourcecode.swift; path = SettingsPopUpScene.swift; sourceTree = "<group>"; };
		A095FD2C27F6261400EB0100 /* SettingsPopUpScene.swift */ = {isa = PBXFileReference; lastKnownFileType = sourcecode.swift; path = SettingsPopUpScene.swift; sourceTree = "<group>"; };
		A6E3DA7F27EA3AD900519FC7 /* AudioDelegate.swift */ = {isa = PBXFileReference; lastKnownFileType = sourcecode.swift; path = AudioDelegate.swift; sourceTree = "<group>"; };
		B07A5D0F27E10B7B00BD9998 /* BuyButtonType.swift */ = {isa = PBXFileReference; lastKnownFileType = sourcecode.swift; path = BuyButtonType.swift; sourceTree = "<group>"; };
		B0BC21EB27D7EBD500B6366D /* AnalogStick.swift */ = {isa = PBXFileReference; lastKnownFileType = sourcecode.swift; path = AnalogStick.swift; sourceTree = "<group>"; };
		B0C948F627DBEA7D00B671EA /* SKButton.swift */ = {isa = PBXFileReference; lastKnownFileType = sourcecode.swift; path = SKButton.swift; sourceTree = "<group>"; };
		B0EEDD8327DFB1C000372B2F /* ButtonType.swift */ = {isa = PBXFileReference; lastKnownFileType = sourcecode.swift; path = ButtonType.swift; sourceTree = "<group>"; };
		B0EEDD8527DFD16F00372B2F /* DinoType.swift */ = {isa = PBXFileReference; lastKnownFileType = sourcecode.swift; path = DinoType.swift; sourceTree = "<group>"; };
		B0EEDD8927DFDD6300372B2F /* SegmentageType.swift */ = {isa = PBXFileReference; lastKnownFileType = sourcecode.swift; path = SegmentageType.swift; sourceTree = "<group>"; };
		B0F162A427EA6975000DB51B /* ScoreTypes.swift */ = {isa = PBXFileReference; lastKnownFileType = sourcecode.swift; path = ScoreTypes.swift; sourceTree = "<group>"; };
		B0F1F07827EB9AEF009A9B1F /* GameOverButtonTypes.swift */ = {isa = PBXFileReference; lastKnownFileType = sourcecode.swift; path = GameOverButtonTypes.swift; sourceTree = "<group>"; };
		B0F1F07F27EB9E2F009A9B1F /* MusicService.swift */ = {isa = PBXFileReference; lastKnownFileType = sourcecode.swift; path = MusicService.swift; sourceTree = "<group>"; };
		B0F1F08327EBA7A0009A9B1F /* gamePlayMusic.mp3 */ = {isa = PBXFileReference; lastKnownFileType = audio.mp3; path = gamePlayMusic.mp3; sourceTree = "<group>"; };
		B0F1F08727EBB922009A9B1F /* MusicType.swift */ = {isa = PBXFileReference; lastKnownFileType = sourcecode.swift; path = MusicType.swift; sourceTree = "<group>"; };
		B0F1F08B27EBBF5A009A9B1F /* SoundAction.swift */ = {isa = PBXFileReference; lastKnownFileType = sourcecode.swift; path = SoundAction.swift; sourceTree = "<group>"; };
		DF03BE4127E25D770005E872 /* MyScene.swift */ = {isa = PBXFileReference; lastKnownFileType = sourcecode.swift; path = MyScene.swift; sourceTree = "<group>"; };
		DF0C0C8627E3CD16001BBAFA /* Background.swift */ = {isa = PBXFileReference; lastKnownFileType = sourcecode.swift; path = Background.swift; sourceTree = "<group>"; };
		DF109F9527E8F89A0012139D /* GameStatus.swift */ = {isa = PBXFileReference; lastKnownFileType = sourcecode.swift; path = GameStatus.swift; sourceTree = "<group>"; };
		DF20482F27EA48AF00C0F515 /* GameCenterController.swift */ = {isa = PBXFileReference; lastKnownFileType = sourcecode.swift; path = GameCenterController.swift; sourceTree = "<group>"; };
		DF20483427EA4B5A00C0F515 /* GameKit.framework */ = {isa = PBXFileReference; lastKnownFileType = wrapper.framework; name = GameKit.framework; path = Platforms/iPhoneOS.platform/Developer/SDKs/iPhoneOS15.4.sdk/System/Library/Frameworks/GameKit.framework; sourceTree = DEVELOPER_DIR; };
		DF2F5C5A27ECFD250018C99C /* gameplayMac.mov */ = {isa = PBXFileReference; lastKnownFileType = video.quicktime; path = gameplayMac.mov; sourceTree = "<group>"; };
		DF2F5C5F27ED01D10018C99C /* gameplayIOS.mov */ = {isa = PBXFileReference; lastKnownFileType = video.quicktime; path = gameplayIOS.mov; sourceTree = "<group>"; };
		DFDC9F3727F2349200DC93CD /* Haptic2.json */ = {isa = PBXFileReference; lastKnownFileType = text.json; path = Haptic2.json; sourceTree = "<group>"; };
		EE45F1CE27E27D6E0098B92F /* EggType.swift */ = {isa = PBXFileReference; lastKnownFileType = sourcecode.swift; path = EggType.swift; sourceTree = "<group>"; };
/* End PBXFileReference section */

/* Begin PBXFrameworksBuildPhase section */
		4AEAEEEB27D676B000BBD809 /* Frameworks */ = {
			isa = PBXFrameworksBuildPhase;
			buildActionMask = 2147483647;
			files = (
				DF20483527EA4B5A00C0F515 /* GameKit.framework in Frameworks */,
			);
			runOnlyForDeploymentPostprocessing = 0;
		};
		4AEAEEFC27D676B100BBD809 /* Frameworks */ = {
			isa = PBXFrameworksBuildPhase;
			buildActionMask = 2147483647;
			files = (
				4A23210227F787EF009D9F62 /* GameKit.framework in Frameworks */,
			);
			runOnlyForDeploymentPostprocessing = 0;
		};
		4AEAEF0C27D676B100BBD809 /* Frameworks */ = {
			isa = PBXFrameworksBuildPhase;
			buildActionMask = 2147483647;
			files = (
				4A23210427F787F7009D9F62 /* GameKit.framework in Frameworks */,
			);
			runOnlyForDeploymentPostprocessing = 0;
		};
/* End PBXFrameworksBuildPhase section */

/* Begin PBXGroup section */
		0639B85D27EBB3AC0041C408 /* Languages */ = {
			isa = PBXGroup;
			children = (
				0639B86B27EBB5F40041C408 /* Localization.strings */,
			);
			path = Languages;
			sourceTree = "<group>";
		};
		13030B7A27F5C4FC00406D1C /* Scenes */ = {
			isa = PBXGroup;
			children = (
				A0768BF327F77A37008460A6 /* HomeScene.swift */,
				136B53B427F4E92400A5A21F /* OnboardScene.swift */,
				A095FD2C27F6261400EB0100 /* SettingsPopUpScene.swift */,
				A0768BE927F77682008460A6 /* StoreScene.swift */,
				A0768BF527F794EF008460A6 /* SettingsScene.swift */,
				A0768BFB27F7971A008460A6 /* GameOverScene.swift */,
				A0768C0127F79929008460A6 /* EggScene.swift */,
			);
			path = Scenes;
			sourceTree = "<group>";
		};
		13030B7B27F5C51C00406D1C /* Scenes */ = {
			isa = PBXGroup;
			children = (
				A0768BF127F77A2F008460A6 /* HomeScene.swift */,
				13030B7C27F5C54300406D1C /* OnboardScene.swift */,
				A095FD2827F625DD00EB0100 /* SettingsPopUpScene.swift */,
				A0768BF727F79578008460A6 /* SettingsScene.swift */,
				A0768BFD27F797AA008460A6 /* GameOverScene.swift */,
			);
			path = Scenes;
			sourceTree = "<group>";
		};
		13030B7E27F5C55400406D1C /* Scenes */ = {
			isa = PBXGroup;
			children = (
				A0768BEF27F77A23008460A6 /* HomeScene.swift */,
				13030B7F27F5C56300406D1C /* OnboardScene.swift */,
				A095FD2A27F625F700EB0100 /* SettingsPopUpScene.swift */,
				A0768BED27F7780B008460A6 /* StoreScene.swift */,
				A0768BF927F79638008460A6 /* SettingsScene.swift */,
				A0768BFF27F79841008460A6 /* GameOverScene.swift */,
				A0768C0527F79A0A008460A6 /* EggScene.swift */,
			);
			path = Scenes;
			sourceTree = "<group>";
		};
		13030B8127F5C58100406D1C /* Storyboards */ = {
			isa = PBXGroup;
			children = (
				4AEAEEF527D676B000BBD809 /* Main.storyboard */,
				4AEAEEF827D676B000BBD809 /* LaunchScreen.storyboard */,
			);
			path = Storyboards;
			sourceTree = "<group>";
		};
		13030B8227F5C59600406D1C /* Storyboards */ = {
			isa = PBXGroup;
			children = (
				4AEAEF0527D676B100BBD809 /* Main.storyboard */,
				4AEAEF0827D676B100BBD809 /* LaunchScreen.storyboard */,
			);
			path = Storyboards;
			sourceTree = "<group>";
		};
		13030B8327F5C5A900406D1C /* Storyboards */ = {
			isa = PBXGroup;
			children = (
				4AEAEF1527D676B100BBD809 /* Main.storyboard */,
			);
			path = Storyboards;
			sourceTree = "<group>";
		};
		133D058527EE591F00DA8269 /* HapticFeedback */ = {
			isa = PBXGroup;
			children = (
				133D058627EE593D00DA8269 /* Haptic.json */,
				DFDC9F3727F2349200DC93CD /* Haptic2.json */,
				133D058A27EE5D7C00DA8269 /* HapticService.swift */,
			);
			path = HapticFeedback;
			sourceTree = "<group>";
		};
		133F7B7A27D67E110012CFDD /* View */ = {
			isa = PBXGroup;
			children = (
				4AEAEEE827D676AE00BBD809 /* GameScene.swift */,
			);
			path = View;
			sourceTree = "<group>";
		};
		133F7B7B27D67E190012CFDD /* Model */ = {
			isa = PBXGroup;
			children = (
				B0BC21EB27D7EBD500B6366D /* AnalogStick.swift */,
				133F7B8327D6812E0012CFDD /* GameData.swift */,
				133F7B8727D681560012CFDD /* Player.swift */,
				133F7B8D27D6824B0012CFDD /* GameCommand.swift */,
				133F7B8F27D682B80012CFDD /* Skin.swift */,
				133F7B9527D6835D0012CFDD /* PowerUp.swift */,
				132E23F427E130E2006CDEAB /* Items.swift */,
				DF03BE4127E25D770005E872 /* MyScene.swift */,
				DF0C0C8627E3CD16001BBAFA /* Background.swift */,
				DF109F9527E8F89A0012139D /* GameStatus.swift */,
			);
			path = Model;
			sourceTree = "<group>";
		};
		133F7B7C27D67E1E0012CFDD /* Controller */ = {
			isa = PBXGroup;
			children = (
				133F7B7D27D67E910012CFDD /* GameController.swift */,
				133F7B7F27D67FA80012CFDD /* RenderController.swift */,
				133F7B9C27D69E970012CFDD /* JoystickController.swift */,
			);
			path = Controller;
			sourceTree = "<group>";
		};
		133F7B9927D69E210012CFDD /* Delegate */ = {
			isa = PBXGroup;
			children = (
				133F7B9A27D69E350012CFDD /* JoystickDelegate.swift */,
				A6E3DA7F27EA3AD900519FC7 /* AudioDelegate.swift */,
			);
			path = Delegate;
			sourceTree = "<group>";
		};
		133F7BA327D6A8550012CFDD /* Extensions */ = {
			isa = PBXGroup;
			children = (
				133F7BA427D6A8660012CFDD /* GameController+JoystickDelegate.swift */,
				0639B85927EBB2E90041C408 /* String + Location.swift */,
				13842CF327E3B20B00E1F88E /* GameScene+tvOS.swift */,
				4AC05A6C27ECE3F1006F91DB /* SettingsPopUpScene+tvOS.swift */,
			);
			path = Extensions;
			sourceTree = "<group>";
		};
		1346CD3A27E905B600014B87 /* CoreData */ = {
			isa = PBXGroup;
			children = (
				1346CD1127E8F72500014B87 /* Model.xcdatamodeld */,
				1346CD3B27E905CA00014B87 /* SkinData.swift */,
				1346CD4827E909A800014B87 /* CreateCoreData.swift */,
			);
			path = CoreData;
			sourceTree = "<group>";
		};
		13842CE627E2561800E1F88E /* Aldrich */ = {
			isa = PBXGroup;
			children = (
				13842CE727E2561800E1F88E /* Aldrich-Regular.ttf */,
				13842CE827E2561800E1F88E /* OFL.txt */,
			);
			name = Aldrich;
			path = "DinoEscape Shared/Aldrich";
			sourceTree = SOURCE_ROOT;
		};
		13842CF027E2758600E1F88E /* Recovered References */ = {
			isa = PBXGroup;
			children = (
			);
			name = "Recovered References";
			sourceTree = "<group>";
		};
		4AEAEEE027D676AE00BBD809 = {
			isa = PBXGroup;
			children = (
				06301AAC27F3806700F80420 /* .swiftlint.yml */,
				4AEAEEE527D676AE00BBD809 /* DinoEscape Shared */,
				4AEAEEE927D676B000BBD809 /* Assets.xcassets */,
				4AEAEEF027D676B000BBD809 /* DinoEscape iOS */,
				4AEAEF0027D676B100BBD809 /* DinoEscape tvOS */,
				4AEAEF1027D676B100BBD809 /* DinoEscape macOS */,
				4AEAEEEF27D676B000BBD809 /* Products */,
				13842CF027E2758600E1F88E /* Recovered References */,
				A6BC68EB27E2548E00093948 /* Recovered References */,
				DF20483327EA4B5A00C0F515 /* Frameworks */,
			);
			sourceTree = "<group>";
		};
		4AEAEEE527D676AE00BBD809 /* DinoEscape Shared */ = {
			isa = PBXGroup;
			children = (
				DF2F5C5927ECFD140018C99C /* Video */,
				0639B85D27EBB3AC0041C408 /* Languages */,
				B0F1F07D27EB9E18009A9B1F /* Music */,
				133D058527EE591F00DA8269 /* HapticFeedback */,
				DF20482E27EA48A000C0F515 /* GameCenter */,
				1346CD3A27E905B600014B87 /* CoreData */,
				13842CE627E2561800E1F88E /* Aldrich */,
				133F7BA327D6A8550012CFDD /* Extensions */,
				133F7B9927D69E210012CFDD /* Delegate */,
				133F7B7C27D67E1E0012CFDD /* Controller */,
				133F7B7B27D67E190012CFDD /* Model */,
				133F7B7A27D67E110012CFDD /* View */,
				B0EEDD8227DFB1A000372B2F /* FrontModel */,
				B0C948F527DBEA3000B671EA /* Nodes */,
			);
			path = "DinoEscape Shared";
			sourceTree = "<group>";
		};
		4AEAEEEF27D676B000BBD809 /* Products */ = {
			isa = PBXGroup;
			children = (
				4AEAEEEE27D676B000BBD809 /* DinoEscape.app */,
				4AEAEEFF27D676B100BBD809 /* DinoEscape.app */,
				4AEAEF0F27D676B100BBD809 /* DinoEscape.app */,
			);
			name = Products;
			sourceTree = "<group>";
		};
		4AEAEEF027D676B000BBD809 /* DinoEscape iOS */ = {
			isa = PBXGroup;
			children = (
				13030B8127F5C58100406D1C /* Storyboards */,
				13030B7A27F5C4FC00406D1C /* Scenes */,
				A0635E9727DFD21E008EC4A1 /* DinoEscape-iOS-Info.plist */,
				4AEAEEF127D676B000BBD809 /* AppDelegate.swift */,
				4AEAEEF327D676B000BBD809 /* GameViewController.swift */,
			);
			path = "DinoEscape iOS";
			sourceTree = "<group>";
		};
		4AEAEF0027D676B100BBD809 /* DinoEscape tvOS */ = {
			isa = PBXGroup;
			children = (
				13030B8227F5C59600406D1C /* Storyboards */,
				13030B7B27F5C51C00406D1C /* Scenes */,
				A0635E9827DFD267008EC4A1 /* DinoEscape-tvOS-Info.plist */,
				4AEAEF0127D676B100BBD809 /* AppDelegate.swift */,
				4AEAEF0327D676B100BBD809 /* GameViewController.swift */,
			);
			path = "DinoEscape tvOS";
			sourceTree = "<group>";
		};
		4AEAEF1027D676B100BBD809 /* DinoEscape macOS */ = {
			isa = PBXGroup;
			children = (
				13030B8327F5C5A900406D1C /* Storyboards */,
				13030B7E27F5C55400406D1C /* Scenes */,
				A0635E9927DFD269008EC4A1 /* DinoEscape-macOS-Info.plist */,
				4AEAEF1127D676B100BBD809 /* AppDelegate.swift */,
				4AEAEF1327D676B100BBD809 /* GameViewController.swift */,
				4AEAEF1827D676B100BBD809 /* DinoEscape_macOS.entitlements */,
			);
			path = "DinoEscape macOS";
			sourceTree = "<group>";
		};
		A6BC68EB27E2548E00093948 /* Recovered References */ = {
			isa = PBXGroup;
			children = (
			);
			name = "Recovered References";
			sourceTree = "<group>";
		};
		B0C948F527DBEA3000B671EA /* Nodes */ = {
			isa = PBXGroup;
			children = (
				B0C948F627DBEA7D00B671EA /* SKButton.swift */,
			);
			path = Nodes;
			sourceTree = "<group>";
		};
		B0EEDD8227DFB1A000372B2F /* FrontModel */ = {
			isa = PBXGroup;
			children = (
				B0EEDD8327DFB1C000372B2F /* ButtonType.swift */,
				B0EEDD8527DFD16F00372B2F /* DinoType.swift */,
				B0EEDD8927DFDD6300372B2F /* SegmentageType.swift */,
				B07A5D0F27E10B7B00BD9998 /* BuyButtonType.swift */,
				EE45F1CE27E27D6E0098B92F /* EggType.swift */,
				B0F162A427EA6975000DB51B /* ScoreTypes.swift */,
				B0F1F07827EB9AEF009A9B1F /* GameOverButtonTypes.swift */,
				14E29B3527EE3DCF00E9ED47 /* SwitchType.swift */,
			);
			path = FrontModel;
			sourceTree = "<group>";
		};
		B0F1F07D27EB9E18009A9B1F /* Music */ = {
			isa = PBXGroup;
			children = (
				B0F1F08727EBB922009A9B1F /* MusicType.swift */,
				B0F1F07F27EB9E2F009A9B1F /* MusicService.swift */,
				B0F1F08B27EBBF5A009A9B1F /* SoundAction.swift */,
				133D058E27EE611B00DA8269 /* loungeMusic.mp3 */,
				B0F1F08327EBA7A0009A9B1F /* gamePlayMusic.mp3 */,
			);
			path = Music;
			sourceTree = "<group>";
		};
		DF20482E27EA48A000C0F515 /* GameCenter */ = {
			isa = PBXGroup;
			children = (
				DF20482F27EA48AF00C0F515 /* GameCenterController.swift */,
			);
			path = GameCenter;
			sourceTree = "<group>";
		};
		DF20483327EA4B5A00C0F515 /* Frameworks */ = {
			isa = PBXGroup;
			children = (
				4A23210327F787F7009D9F62 /* GameKit.framework */,
				4A23210127F787EF009D9F62 /* GameKit.framework */,
				DF20483427EA4B5A00C0F515 /* GameKit.framework */,
			);
			name = Frameworks;
			sourceTree = "<group>";
		};
		DF2F5C5927ECFD140018C99C /* Video */ = {
			isa = PBXGroup;
			children = (
				DF2F5C5A27ECFD250018C99C /* gameplayMac.mov */,
				DF2F5C5F27ED01D10018C99C /* gameplayIOS.mov */,
				0660F09727EE59B90099D32D /* gameplayIpadOS.mov */,
			);
			path = Video;
			sourceTree = "<group>";
		};
/* End PBXGroup section */

/* Begin PBXNativeTarget section */
		4AEAEEED27D676B000BBD809 /* DinoEscape iOS */ = {
			isa = PBXNativeTarget;
			buildConfigurationList = 4AEAEF2727D676B100BBD809 /* Build configuration list for PBXNativeTarget "DinoEscape iOS" */;
			buildPhases = (
				4AEAEEEA27D676B000BBD809 /* Sources */,
				4AEAEEEB27D676B000BBD809 /* Frameworks */,
				4AEAEEEC27D676B000BBD809 /* Resources */,
			);
			buildRules = (
			);
			dependencies = (
			);
			name = "DinoEscape iOS";
			productName = "DinoEscape iOS";
			productReference = 4AEAEEEE27D676B000BBD809 /* DinoEscape.app */;
			productType = "com.apple.product-type.application";
		};
		4AEAEEFE27D676B100BBD809 /* DinoEscape tvOS */ = {
			isa = PBXNativeTarget;
			buildConfigurationList = 4AEAEF2A27D676B100BBD809 /* Build configuration list for PBXNativeTarget "DinoEscape tvOS" */;
			buildPhases = (
				4AEAEEFB27D676B100BBD809 /* Sources */,
				4AEAEEFC27D676B100BBD809 /* Frameworks */,
				4AEAEEFD27D676B100BBD809 /* Resources */,
			);
			buildRules = (
			);
			dependencies = (
			);
			name = "DinoEscape tvOS";
			productName = "DinoEscape tvOS";
			productReference = 4AEAEEFF27D676B100BBD809 /* DinoEscape.app */;
			productType = "com.apple.product-type.application";
		};
		4AEAEF0E27D676B100BBD809 /* DinoEscape macOS */ = {
			isa = PBXNativeTarget;
			buildConfigurationList = 4AEAEF2D27D676B100BBD809 /* Build configuration list for PBXNativeTarget "DinoEscape macOS" */;
			buildPhases = (
				4AEAEF0B27D676B100BBD809 /* Sources */,
				4AEAEF0C27D676B100BBD809 /* Frameworks */,
				4AEAEF0D27D676B100BBD809 /* Resources */,
			);
			buildRules = (
			);
			dependencies = (
			);
			name = "DinoEscape macOS";
			productName = "DinoEscape macOS";
			productReference = 4AEAEF0F27D676B100BBD809 /* DinoEscape.app */;
			productType = "com.apple.product-type.application";
		};
/* End PBXNativeTarget section */

/* Begin PBXProject section */
		4AEAEEE127D676AE00BBD809 /* Project object */ = {
			isa = PBXProject;
			attributes = {
				BuildIndependentTargetsInParallel = 1;
				LastSwiftUpdateCheck = 1320;
				LastUpgradeCheck = 1330;
				TargetAttributes = {
					4AEAEEED27D676B000BBD809 = {
						CreatedOnToolsVersion = 13.2.1;
					};
					4AEAEEFE27D676B100BBD809 = {
						CreatedOnToolsVersion = 13.2.1;
					};
					4AEAEF0E27D676B100BBD809 = {
						CreatedOnToolsVersion = 13.2.1;
					};
				};
			};
			buildConfigurationList = 4AEAEEE427D676AE00BBD809 /* Build configuration list for PBXProject "DinoEscape" */;
			compatibilityVersion = "Xcode 13.0";
			developmentRegion = en;
			hasScannedForEncodings = 0;
			knownRegions = (
				en,
				Base,
				"pt-BR",
				es,
				"es-419",
			);
			mainGroup = 4AEAEEE027D676AE00BBD809;
			productRefGroup = 4AEAEEEF27D676B000BBD809 /* Products */;
			projectDirPath = "";
			projectRoot = "";
			targets = (
				4AEAEEED27D676B000BBD809 /* DinoEscape iOS */,
				4AEAEEFE27D676B100BBD809 /* DinoEscape tvOS */,
				4AEAEF0E27D676B100BBD809 /* DinoEscape macOS */,
			);
		};
/* End PBXProject section */

/* Begin PBXResourcesBuildPhase section */
		4AEAEEEC27D676B000BBD809 /* Resources */ = {
			isa = PBXResourcesBuildPhase;
			buildActionMask = 2147483647;
			files = (
				13842CEC27E2561800E1F88E /* OFL.txt in Resources */,
				DF2F5C6027ED01D10018C99C /* gameplayIOS.mov in Resources */,
				0639B86727EBB5F40041C408 /* Localization.strings in Resources */,
				133D058727EE593D00DA8269 /* Haptic.json in Resources */,
				13842CE927E2561800E1F88E /* Aldrich-Regular.ttf in Resources */,
				B0F1F08427EBA7A0009A9B1F /* gamePlayMusic.mp3 in Resources */,
				4AEAEEF727D676B000BBD809 /* Main.storyboard in Resources */,
				DFDC9F3827F2349200DC93CD /* Haptic2.json in Resources */,
				4AEAEEFA27D676B000BBD809 /* LaunchScreen.storyboard in Resources */,
				133D058F27EE611B00DA8269 /* loungeMusic.mp3 in Resources */,
				4AEAEF2227D676B100BBD809 /* Assets.xcassets in Resources */,
				0660F09827EE59B90099D32D /* gameplayIpadOS.mov in Resources */,
				06301AAD27F3806700F80420 /* .swiftlint.yml in Resources */,
			);
			runOnlyForDeploymentPostprocessing = 0;
		};
		4AEAEEFD27D676B100BBD809 /* Resources */ = {
			isa = PBXResourcesBuildPhase;
			buildActionMask = 2147483647;
			files = (
				06301AAE27F3806700F80420 /* .swiftlint.yml in Resources */,
				13842CED27E2561800E1F88E /* OFL.txt in Resources */,
				0639B86827EBB5F40041C408 /* Localization.strings in Resources */,
				13842CEA27E2561800E1F88E /* Aldrich-Regular.ttf in Resources */,
				133D058827EE593D00DA8269 /* Haptic.json in Resources */,
				B0F1F08527EBA7A0009A9B1F /* gamePlayMusic.mp3 in Resources */,
				4AEAEF0727D676B100BBD809 /* Main.storyboard in Resources */,
				DF2F5C5B27ECFD250018C99C /* gameplayMac.mov in Resources */,
				DFDC9F3927F2349200DC93CD /* Haptic2.json in Resources */,
				4AEAEF0A27D676B100BBD809 /* LaunchScreen.storyboard in Resources */,
				133D059027EE611B00DA8269 /* loungeMusic.mp3 in Resources */,
				4AEAEF2327D676B100BBD809 /* Assets.xcassets in Resources */,
			);
			runOnlyForDeploymentPostprocessing = 0;
		};
		4AEAEF0D27D676B100BBD809 /* Resources */ = {
			isa = PBXResourcesBuildPhase;
			buildActionMask = 2147483647;
			files = (
				06301AAF27F3806700F80420 /* .swiftlint.yml in Resources */,
				DF2F5C5C27ECFD250018C99C /* gameplayMac.mov in Resources */,
				13842CEE27E2561800E1F88E /* OFL.txt in Resources */,
				4AEAEF1727D676B100BBD809 /* Main.storyboard in Resources */,
				0639B86927EBB5F40041C408 /* Localization.strings in Resources */,
				133D058927EE593D00DA8269 /* Haptic.json in Resources */,
				133D059127EE611B00DA8269 /* loungeMusic.mp3 in Resources */,
				13842CEB27E2561800E1F88E /* Aldrich-Regular.ttf in Resources */,
				DFDC9F3A27F2349200DC93CD /* Haptic2.json in Resources */,
				B0F1F08627EBA7A0009A9B1F /* gamePlayMusic.mp3 in Resources */,
				4AEAEF2427D676B100BBD809 /* Assets.xcassets in Resources */,
			);
			runOnlyForDeploymentPostprocessing = 0;
		};
/* End PBXResourcesBuildPhase section */

/* Begin PBXSourcesBuildPhase section */
		4AEAEEEA27D676B000BBD809 /* Sources */ = {
			isa = PBXSourcesBuildPhase;
			buildActionMask = 2147483647;
			files = (
				133F7B8027D67FA80012CFDD /* RenderController.swift in Sources */,
				133F7B8427D6812E0012CFDD /* GameData.swift in Sources */,
				4AEAEF1F27D676B100BBD809 /* GameScene.swift in Sources */,
				B0EEDD8427DFB1C000372B2F /* ButtonType.swift in Sources */,
				A095FD2D27F6261400EB0100 /* SettingsPopUpScene.swift in Sources */,
				EEC28DD927E914A300A3E6E1 /* AppDelegate.swift in Sources */,
				133F7B9D27D69E970012CFDD /* JoystickController.swift in Sources */,
				B0F1F08027EB9E2F009A9B1F /* MusicService.swift in Sources */,
				133F7BA527D6A8660012CFDD /* GameController+JoystickDelegate.swift in Sources */,
				B0F1F08827EBB922009A9B1F /* MusicType.swift in Sources */,
				1346CD4927E909A800014B87 /* CreateCoreData.swift in Sources */,
				132E23F527E130E2006CDEAB /* Items.swift in Sources */,
				DF109F9627E8F89A0012139D /* GameStatus.swift in Sources */,
				1346CD3C27E905CA00014B87 /* SkinData.swift in Sources */,
				B07A5D1027E10B7B00BD9998 /* BuyButtonType.swift in Sources */,
				133D058B27EE5D7C00DA8269 /* HapticService.swift in Sources */,
				B0BC21EC27D7EBD500B6366D /* AnalogStick.swift in Sources */,
				136B53B527F4E92400A5A21F /* OnboardScene.swift in Sources */,
				DF0C0C8727E3CD16001BBAFA /* Background.swift in Sources */,
				133F7B7E27D67E910012CFDD /* GameController.swift in Sources */,
				133F7B8827D681560012CFDD /* Player.swift in Sources */,
				B0F162A527EA6975000DB51B /* ScoreTypes.swift in Sources */,
				133F7B9027D682B80012CFDD /* Skin.swift in Sources */,
				0639B85A27EBB2E90041C408 /* String + Location.swift in Sources */,
				1346CD1327E8F72500014B87 /* Model.xcdatamodeld in Sources */,
				A0768BFC27F7971A008460A6 /* GameOverScene.swift in Sources */,
				133F7B8E27D6824B0012CFDD /* GameCommand.swift in Sources */,
				DF20483027EA48AF00C0F515 /* GameCenterController.swift in Sources */,
				14E29B3627EE3DCF00E9ED47 /* SwitchType.swift in Sources */,
				B0F1F07927EB9AEF009A9B1F /* GameOverButtonTypes.swift in Sources */,
				B0F1F08C27EBBF5A009A9B1F /* SoundAction.swift in Sources */,
				A6E3DA8027EA3AD900519FC7 /* AudioDelegate.swift in Sources */,
				A0768BF627F794EF008460A6 /* SettingsScene.swift in Sources */,
				B0EEDD8A27DFDD6300372B2F /* SegmentageType.swift in Sources */,
				EE45F1CF27E27D6E0098B92F /* EggType.swift in Sources */,
				133F7B9B27D69E350012CFDD /* JoystickDelegate.swift in Sources */,
				4AEAEEF427D676B000BBD809 /* GameViewController.swift in Sources */,
				A0768BEA27F77683008460A6 /* StoreScene.swift in Sources */,
				B0EEDD8627DFD16F00372B2F /* DinoType.swift in Sources */,
				DF03BE4227E25D770005E872 /* MyScene.swift in Sources */,
				133F7B9627D6835D0012CFDD /* PowerUp.swift in Sources */,
				A0768BF427F77A37008460A6 /* HomeScene.swift in Sources */,
				B0C948F727DBEA7D00B671EA /* SKButton.swift in Sources */,
				A0768C0227F79929008460A6 /* EggScene.swift in Sources */,
			);
			runOnlyForDeploymentPostprocessing = 0;
		};
		4AEAEEFB27D676B100BBD809 /* Sources */ = {
			isa = PBXSourcesBuildPhase;
			buildActionMask = 2147483647;
			files = (
				B0F1F08127EB9E2F009A9B1F /* MusicService.swift in Sources */,
				13842CF527E3B20B00E1F88E /* GameScene+tvOS.swift in Sources */,
				4AEAEF2027D676B100BBD809 /* GameScene.swift in Sources */,
				A0768BFE27F797AA008460A6 /* GameOverScene.swift in Sources */,
				133F7B8927D681DB0012CFDD /* RenderController.swift in Sources */,
				B0F162A627EA6975000DB51B /* ScoreTypes.swift in Sources */,
				DF03BE4327E25D770005E872 /* MyScene.swift in Sources */,
				A0768BF227F77A2F008460A6 /* HomeScene.swift in Sources */,
				B0EEDD8B27DFDD6300372B2F /* SegmentageType.swift in Sources */,
				133F7B9127D683210012CFDD /* Skin.swift in Sources */,
				13842CF127E2784900E1F88E /* SKButton.swift in Sources */,
				B0F1F07A27EB9AEF009A9B1F /* GameOverButtonTypes.swift in Sources */,
				DF109F9727E8F89A0012139D /* GameStatus.swift in Sources */,
				133F7BA227D69FC40012CFDD /* JoystickController.swift in Sources */,
				B0EEDD8727DFD16F00372B2F /* DinoType.swift in Sources */,
				B0BC21E927D7CCFF00B6366D /* GameController+JoystickDelegate.swift in Sources */,
				B0F1F08927EBB922009A9B1F /* MusicType.swift in Sources */,
				1346CD3D27E905CA00014B87 /* SkinData.swift in Sources */,
				133F7B8527D681310012CFDD /* GameData.swift in Sources */,
				DF0C0C8827E3CD16001BBAFA /* Background.swift in Sources */,
				133F7B9327D683340012CFDD /* GameCommand.swift in Sources */,
				13030B7D27F5C54300406D1C /* OnboardScene.swift in Sources */,
				133D058C27EE5D7C00DA8269 /* HapticService.swift in Sources */,
				133F7B8127D681090012CFDD /* GameController.swift in Sources */,
				DF20483127EA48B200C0F515 /* GameCenterController.swift in Sources */,
				1346CD4A27E909A800014B87 /* CreateCoreData.swift in Sources */,
				132E23F627E130E2006CDEAB /* Items.swift in Sources */,
				B07A5D1127E10B7B00BD9998 /* BuyButtonType.swift in Sources */,
				0639B85B27EBB2E90041C408 /* String + Location.swift in Sources */,
				B0F1F08D27EBBF5A009A9B1F /* SoundAction.swift in Sources */,
				133F7B8B27D681E20012CFDD /* Player.swift in Sources */,
				133F7BA027D69FC10012CFDD /* JoystickDelegate.swift in Sources */,
				A6FEAD2527DFD7CE005D20C4 /* AnalogStick.swift in Sources */,
				A095FD2927F625DD00EB0100 /* SettingsPopUpScene.swift in Sources */,
				B09BAD9B27E25BBE00047A77 /* ButtonType.swift in Sources */,
				4AEAEF0427D676B100BBD809 /* GameViewController.swift in Sources */,
				133F7B9727D683630012CFDD /* PowerUp.swift in Sources */,
				4AC05A6E27ECE3F1006F91DB /* SettingsPopUpScene+tvOS.swift in Sources */,
				A6E3DA8127EA3AD900519FC7 /* AudioDelegate.swift in Sources */,
				1346CD1427E8F72500014B87 /* Model.xcdatamodeld in Sources */,
				14E29B3727EE3DCF00E9ED47 /* SwitchType.swift in Sources */,
				EE45F1D027E27D6E0098B92F /* EggType.swift in Sources */,
				4AEAEF0227D676B100BBD809 /* AppDelegate.swift in Sources */,
				A0768BF827F79578008460A6 /* SettingsScene.swift in Sources */,
			);
			runOnlyForDeploymentPostprocessing = 0;
		};
		4AEAEF0B27D676B100BBD809 /* Sources */ = {
			isa = PBXSourcesBuildPhase;
			buildActionMask = 2147483647;
			files = (
				4AEAEF2127D676B100BBD809 /* GameScene.swift in Sources */,
				DF109F9827E8F89A0012139D /* GameStatus.swift in Sources */,
				A0768C0027F79841008460A6 /* GameOverScene.swift in Sources */,
				1346CD4B27E909A800014B87 /* CreateCoreData.swift in Sources */,
				133F7B8A27D681DC0012CFDD /* RenderController.swift in Sources */,
				13030B8027F5C56300406D1C /* OnboardScene.swift in Sources */,
				DF03BE4427E25D770005E872 /* MyScene.swift in Sources */,
				B0EEDD8C27DFDD6300372B2F /* SegmentageType.swift in Sources */,
				133F7B9227D683220012CFDD /* Skin.swift in Sources */,
				B0F1F08E27EBBF5A009A9B1F /* SoundAction.swift in Sources */,
				B0F1F08227EB9E2F009A9B1F /* MusicService.swift in Sources */,
				14E29B3827EE3DCF00E9ED47 /* SwitchType.swift in Sources */,
				133F7BA127D69FC40012CFDD /* JoystickController.swift in Sources */,
				B0EEDD8827DFD16F00372B2F /* DinoType.swift in Sources */,
				A6E3DA8227EA3AD900519FC7 /* AudioDelegate.swift in Sources */,
				A0768BEE27F7780B008460A6 /* StoreScene.swift in Sources */,
				B0BC21EA27D7CCFF00B6366D /* GameController+JoystickDelegate.swift in Sources */,
				DF20483227EA48B300C0F515 /* GameCenterController.swift in Sources */,
				DF4D899627E4F3AB0052AE30 /* SKButton.swift in Sources */,
				133D058D27EE5D7C00DA8269 /* HapticService.swift in Sources */,
				133F7B8627D681320012CFDD /* GameData.swift in Sources */,
				B0F1F08A27EBB922009A9B1F /* MusicType.swift in Sources */,
				DF0C0C8927E3CD16001BBAFA /* Background.swift in Sources */,
				133F7B9427D683350012CFDD /* GameCommand.swift in Sources */,
				133F7B8227D6810A0012CFDD /* GameController.swift in Sources */,
				132E23F727E130E2006CDEAB /* Items.swift in Sources */,
				B07A5D1227E10B7B00BD9998 /* BuyButtonType.swift in Sources */,
				B0F162A727EA6975000DB51B /* ScoreTypes.swift in Sources */,
				133F7B8C27D681E20012CFDD /* Player.swift in Sources */,
				A0768BFA27F79638008460A6 /* SettingsScene.swift in Sources */,
				1346CD1527E8F72500014B87 /* Model.xcdatamodeld in Sources */,
				133F7B9F27D69FC10012CFDD /* JoystickDelegate.swift in Sources */,
				B09BAD9C27E25BBE00047A77 /* ButtonType.swift in Sources */,
				0639B85C27EBB2E90041C408 /* String + Location.swift in Sources */,
				A0768BF027F77A23008460A6 /* HomeScene.swift in Sources */,
				4AEAEF1427D676B100BBD809 /* GameViewController.swift in Sources */,
				1346CD3E27E905CA00014B87 /* SkinData.swift in Sources */,
				133F7B9827D683630012CFDD /* PowerUp.swift in Sources */,
				B0F1F07B27EB9AEF009A9B1F /* GameOverButtonTypes.swift in Sources */,
				EE45F1D127E27D6E0098B92F /* EggType.swift in Sources */,
				A095FD2B27F625F700EB0100 /* SettingsPopUpScene.swift in Sources */,
				A0768C0627F79A0A008460A6 /* EggScene.swift in Sources */,
				4AEAEF1227D676B100BBD809 /* AppDelegate.swift in Sources */,
			);
			runOnlyForDeploymentPostprocessing = 0;
		};
/* End PBXSourcesBuildPhase section */

/* Begin PBXVariantGroup section */
		0639B86B27EBB5F40041C408 /* Localization.strings */ = {
			isa = PBXVariantGroup;
			children = (
				0639B86A27EBB5F40041C408 /* en */,
				0639B86C27EBB6110041C408 /* pt-BR */,
				06C59A7527ECFEA6007A459E /* es */,
				06C59A7627ED0994007A459E /* es-419 */,
			);
			name = Localization.strings;
			sourceTree = "<group>";
		};
		4AEAEEF527D676B000BBD809 /* Main.storyboard */ = {
			isa = PBXVariantGroup;
			children = (
				4AEAEEF627D676B000BBD809 /* Base */,
			);
			name = Main.storyboard;
			sourceTree = "<group>";
		};
		4AEAEEF827D676B000BBD809 /* LaunchScreen.storyboard */ = {
			isa = PBXVariantGroup;
			children = (
				4AEAEEF927D676B000BBD809 /* Base */,
			);
			name = LaunchScreen.storyboard;
			sourceTree = "<group>";
		};
		4AEAEF0527D676B100BBD809 /* Main.storyboard */ = {
			isa = PBXVariantGroup;
			children = (
				4AEAEF0627D676B100BBD809 /* Base */,
			);
			name = Main.storyboard;
			sourceTree = "<group>";
		};
		4AEAEF0827D676B100BBD809 /* LaunchScreen.storyboard */ = {
			isa = PBXVariantGroup;
			children = (
				4AEAEF0927D676B100BBD809 /* Base */,
			);
			name = LaunchScreen.storyboard;
			sourceTree = "<group>";
		};
		4AEAEF1527D676B100BBD809 /* Main.storyboard */ = {
			isa = PBXVariantGroup;
			children = (
				4AEAEF1627D676B100BBD809 /* Base */,
			);
			name = Main.storyboard;
			sourceTree = "<group>";
		};
/* End PBXVariantGroup section */

/* Begin XCBuildConfiguration section */
		4AEAEF2527D676B100BBD809 /* Debug */ = {
			isa = XCBuildConfiguration;
			buildSettings = {
				ALWAYS_SEARCH_USER_PATHS = NO;
				CLANG_ANALYZER_LOCALIZABILITY_NONLOCALIZED = YES;
				CLANG_ANALYZER_NONNULL = YES;
				CLANG_ANALYZER_NUMBER_OBJECT_CONVERSION = YES_AGGRESSIVE;
				CLANG_CXX_LANGUAGE_STANDARD = "gnu++17";
				CLANG_CXX_LIBRARY = "libc++";
				CLANG_ENABLE_MODULES = YES;
				CLANG_ENABLE_OBJC_ARC = YES;
				CLANG_ENABLE_OBJC_WEAK = YES;
				CLANG_WARN_BLOCK_CAPTURE_AUTORELEASING = YES;
				CLANG_WARN_BOOL_CONVERSION = YES;
				CLANG_WARN_COMMA = YES;
				CLANG_WARN_CONSTANT_CONVERSION = YES;
				CLANG_WARN_DEPRECATED_OBJC_IMPLEMENTATIONS = YES;
				CLANG_WARN_DIRECT_OBJC_ISA_USAGE = YES_ERROR;
				CLANG_WARN_DOCUMENTATION_COMMENTS = YES;
				CLANG_WARN_EMPTY_BODY = YES;
				CLANG_WARN_ENUM_CONVERSION = YES;
				CLANG_WARN_INFINITE_RECURSION = YES;
				CLANG_WARN_INT_CONVERSION = YES;
				CLANG_WARN_NON_LITERAL_NULL_CONVERSION = YES;
				CLANG_WARN_OBJC_IMPLICIT_RETAIN_SELF = YES;
				CLANG_WARN_OBJC_LITERAL_CONVERSION = YES;
				CLANG_WARN_OBJC_ROOT_CLASS = YES_ERROR;
				CLANG_WARN_QUOTED_INCLUDE_IN_FRAMEWORK_HEADER = YES;
				CLANG_WARN_RANGE_LOOP_ANALYSIS = YES;
				CLANG_WARN_STRICT_PROTOTYPES = YES;
				CLANG_WARN_SUSPICIOUS_MOVE = YES;
				CLANG_WARN_UNGUARDED_AVAILABILITY = YES_AGGRESSIVE;
				CLANG_WARN_UNREACHABLE_CODE = YES;
				CLANG_WARN__DUPLICATE_METHOD_MATCH = YES;
				COPY_PHASE_STRIP = NO;
				DEBUG_INFORMATION_FORMAT = dwarf;
				ENABLE_STRICT_OBJC_MSGSEND = YES;
				ENABLE_TESTABILITY = YES;
				GCC_C_LANGUAGE_STANDARD = gnu11;
				GCC_DYNAMIC_NO_PIC = NO;
				GCC_NO_COMMON_BLOCKS = YES;
				GCC_OPTIMIZATION_LEVEL = 0;
				GCC_PREPROCESSOR_DEFINITIONS = (
					"DEBUG=1",
					"$(inherited)",
				);
				GCC_WARN_64_TO_32_BIT_CONVERSION = YES;
				GCC_WARN_ABOUT_RETURN_TYPE = YES_ERROR;
				GCC_WARN_UNDECLARED_SELECTOR = YES;
				GCC_WARN_UNINITIALIZED_AUTOS = YES_AGGRESSIVE;
				GCC_WARN_UNUSED_FUNCTION = YES;
				GCC_WARN_UNUSED_VARIABLE = YES;
				IPHONEOS_DEPLOYMENT_TARGET = 15.0;
				MTL_ENABLE_DEBUG_INFO = INCLUDE_SOURCE;
				MTL_FAST_MATH = YES;
				ONLY_ACTIVE_ARCH = YES;
				SWIFT_ACTIVE_COMPILATION_CONDITIONS = DEBUG;
				SWIFT_OPTIMIZATION_LEVEL = "-Onone";
			};
			name = Debug;
		};
		4AEAEF2627D676B100BBD809 /* Release */ = {
			isa = XCBuildConfiguration;
			buildSettings = {
				ALWAYS_SEARCH_USER_PATHS = NO;
				CLANG_ANALYZER_LOCALIZABILITY_NONLOCALIZED = YES;
				CLANG_ANALYZER_NONNULL = YES;
				CLANG_ANALYZER_NUMBER_OBJECT_CONVERSION = YES_AGGRESSIVE;
				CLANG_CXX_LANGUAGE_STANDARD = "gnu++17";
				CLANG_CXX_LIBRARY = "libc++";
				CLANG_ENABLE_MODULES = YES;
				CLANG_ENABLE_OBJC_ARC = YES;
				CLANG_ENABLE_OBJC_WEAK = YES;
				CLANG_WARN_BLOCK_CAPTURE_AUTORELEASING = YES;
				CLANG_WARN_BOOL_CONVERSION = YES;
				CLANG_WARN_COMMA = YES;
				CLANG_WARN_CONSTANT_CONVERSION = YES;
				CLANG_WARN_DEPRECATED_OBJC_IMPLEMENTATIONS = YES;
				CLANG_WARN_DIRECT_OBJC_ISA_USAGE = YES_ERROR;
				CLANG_WARN_DOCUMENTATION_COMMENTS = YES;
				CLANG_WARN_EMPTY_BODY = YES;
				CLANG_WARN_ENUM_CONVERSION = YES;
				CLANG_WARN_INFINITE_RECURSION = YES;
				CLANG_WARN_INT_CONVERSION = YES;
				CLANG_WARN_NON_LITERAL_NULL_CONVERSION = YES;
				CLANG_WARN_OBJC_IMPLICIT_RETAIN_SELF = YES;
				CLANG_WARN_OBJC_LITERAL_CONVERSION = YES;
				CLANG_WARN_OBJC_ROOT_CLASS = YES_ERROR;
				CLANG_WARN_QUOTED_INCLUDE_IN_FRAMEWORK_HEADER = YES;
				CLANG_WARN_RANGE_LOOP_ANALYSIS = YES;
				CLANG_WARN_STRICT_PROTOTYPES = YES;
				CLANG_WARN_SUSPICIOUS_MOVE = YES;
				CLANG_WARN_UNGUARDED_AVAILABILITY = YES_AGGRESSIVE;
				CLANG_WARN_UNREACHABLE_CODE = YES;
				CLANG_WARN__DUPLICATE_METHOD_MATCH = YES;
				COPY_PHASE_STRIP = NO;
				DEBUG_INFORMATION_FORMAT = "dwarf-with-dsym";
				ENABLE_NS_ASSERTIONS = NO;
				ENABLE_STRICT_OBJC_MSGSEND = YES;
				GCC_C_LANGUAGE_STANDARD = gnu11;
				GCC_NO_COMMON_BLOCKS = YES;
				GCC_WARN_64_TO_32_BIT_CONVERSION = YES;
				GCC_WARN_ABOUT_RETURN_TYPE = YES_ERROR;
				GCC_WARN_UNDECLARED_SELECTOR = YES;
				GCC_WARN_UNINITIALIZED_AUTOS = YES_AGGRESSIVE;
				GCC_WARN_UNUSED_FUNCTION = YES;
				GCC_WARN_UNUSED_VARIABLE = YES;
				IPHONEOS_DEPLOYMENT_TARGET = 15.0;
				MTL_ENABLE_DEBUG_INFO = NO;
				MTL_FAST_MATH = YES;
				SWIFT_COMPILATION_MODE = wholemodule;
				SWIFT_OPTIMIZATION_LEVEL = "-O";
			};
			name = Release;
		};
		4AEAEF2827D676B100BBD809 /* Debug */ = {
			isa = XCBuildConfiguration;
			buildSettings = {
				ASSETCATALOG_COMPILER_APPICON_NAME = AppIcon;
				ASSETCATALOG_COMPILER_GLOBAL_ACCENT_COLOR_NAME = AccentColor;
				CODE_SIGN_STYLE = Automatic;
				CURRENT_PROJECT_VERSION = 8;
				DEVELOPMENT_TEAM = L3LQDD8K39;
				GENERATE_INFOPLIST_FILE = YES;
				INFOPLIST_FILE = "DinoEscape-iOS-Info.plist";
				INFOPLIST_KEY_CFBundleDisplayName = "Dino Adventure";
				INFOPLIST_KEY_UIApplicationSupportsIndirectInputEvents = YES;
				INFOPLIST_KEY_UILaunchStoryboardName = LaunchScreen;
				INFOPLIST_KEY_UIMainStoryboardFile = Main;
				INFOPLIST_KEY_UIRequiredDeviceCapabilities = gamekit;
				INFOPLIST_KEY_UIRequiresFullScreen = YES;
				INFOPLIST_KEY_UIStatusBarHidden = YES;
				INFOPLIST_KEY_UISupportedInterfaceOrientations = UIInterfaceOrientationPortrait;
				INFOPLIST_KEY_UISupportedInterfaceOrientations_iPad = UIInterfaceOrientationPortrait;
				INFOPLIST_KEY_UISupportedInterfaceOrientations_iPhone = UIInterfaceOrientationPortrait;
				IPHONEOS_DEPLOYMENT_TARGET = 15.2;
				LD_RUNPATH_SEARCH_PATHS = (
					"$(inherited)",
					"@executable_path/Frameworks",
				);
				MARKETING_VERSION = 1.0;
				PRODUCT_BUNDLE_IDENTIFIER = brdevFelipeL.DinoEscapeApp;
				PRODUCT_NAME = DinoEscape;
				SDKROOT = iphoneos;
				SWIFT_EMIT_LOC_STRINGS = YES;
				SWIFT_VERSION = 5.0;
				TARGETED_DEVICE_FAMILY = "1,2";
			};
			name = Debug;
		};
		4AEAEF2927D676B100BBD809 /* Release */ = {
			isa = XCBuildConfiguration;
			buildSettings = {
				ASSETCATALOG_COMPILER_APPICON_NAME = AppIcon;
				ASSETCATALOG_COMPILER_GLOBAL_ACCENT_COLOR_NAME = AccentColor;
				CODE_SIGN_STYLE = Automatic;
				CURRENT_PROJECT_VERSION = 8;
				DEVELOPMENT_TEAM = L3LQDD8K39;
				GENERATE_INFOPLIST_FILE = YES;
				INFOPLIST_FILE = "DinoEscape-iOS-Info.plist";
				INFOPLIST_KEY_CFBundleDisplayName = "Dino Adventure";
				INFOPLIST_KEY_UIApplicationSupportsIndirectInputEvents = YES;
				INFOPLIST_KEY_UILaunchStoryboardName = LaunchScreen;
				INFOPLIST_KEY_UIMainStoryboardFile = Main;
				INFOPLIST_KEY_UIRequiredDeviceCapabilities = gamekit;
				INFOPLIST_KEY_UIRequiresFullScreen = YES;
				INFOPLIST_KEY_UIStatusBarHidden = YES;
				INFOPLIST_KEY_UISupportedInterfaceOrientations = UIInterfaceOrientationPortrait;
				INFOPLIST_KEY_UISupportedInterfaceOrientations_iPad = UIInterfaceOrientationPortrait;
				INFOPLIST_KEY_UISupportedInterfaceOrientations_iPhone = UIInterfaceOrientationPortrait;
				IPHONEOS_DEPLOYMENT_TARGET = 15.2;
				LD_RUNPATH_SEARCH_PATHS = (
					"$(inherited)",
					"@executable_path/Frameworks",
				);
				MARKETING_VERSION = 1.0;
				PRODUCT_BUNDLE_IDENTIFIER = brdevFelipeL.DinoEscapeApp;
				PRODUCT_NAME = DinoEscape;
				SDKROOT = iphoneos;
				SWIFT_EMIT_LOC_STRINGS = YES;
				SWIFT_VERSION = 5.0;
				TARGETED_DEVICE_FAMILY = "1,2";
				VALIDATE_PRODUCT = YES;
			};
			name = Release;
		};
		4AEAEF2B27D676B100BBD809 /* Debug */ = {
			isa = XCBuildConfiguration;
			buildSettings = {
				ASSETCATALOG_COMPILER_APPICON_NAME = "tvOS App Icon & Top Shelf Image";
				ASSETCATALOG_COMPILER_GLOBAL_ACCENT_COLOR_NAME = AccentColor;
				CODE_SIGN_STYLE = Automatic;
				CURRENT_PROJECT_VERSION = 11;
				DEVELOPMENT_TEAM = L3LQDD8K39;
				GENERATE_INFOPLIST_FILE = YES;
				INFOPLIST_FILE = "DinoEscape-tvOS-Info.plist";
				INFOPLIST_KEY_CFBundleDisplayName = "Dino Adventure";
				INFOPLIST_KEY_UILaunchStoryboardName = LaunchScreen;
				INFOPLIST_KEY_UIMainStoryboardFile = Main;
				INFOPLIST_KEY_UIRequiredDeviceCapabilities = gamekit;
				INFOPLIST_KEY_UIUserInterfaceStyle = Automatic;
				LD_RUNPATH_SEARCH_PATHS = (
					"$(inherited)",
					"@executable_path/Frameworks",
				);
				MARKETING_VERSION = 1.0;
				PRODUCT_BUNDLE_IDENTIFIER = brdevFelipeL.DinoEscapeApp;
				PRODUCT_NAME = DinoEscape;
				SDKROOT = appletvos;
				SWIFT_EMIT_LOC_STRINGS = YES;
				SWIFT_VERSION = 5.0;
				TARGETED_DEVICE_FAMILY = 3;
				TVOS_DEPLOYMENT_TARGET = 15.2;
			};
			name = Debug;
		};
		4AEAEF2C27D676B100BBD809 /* Release */ = {
			isa = XCBuildConfiguration;
			buildSettings = {
				ASSETCATALOG_COMPILER_APPICON_NAME = "tvOS App Icon & Top Shelf Image";
				ASSETCATALOG_COMPILER_GLOBAL_ACCENT_COLOR_NAME = AccentColor;
				CODE_SIGN_STYLE = Automatic;
				CURRENT_PROJECT_VERSION = 11;
				DEVELOPMENT_TEAM = L3LQDD8K39;
				GENERATE_INFOPLIST_FILE = YES;
				INFOPLIST_FILE = "DinoEscape-tvOS-Info.plist";
				INFOPLIST_KEY_CFBundleDisplayName = "Dino Adventure";
				INFOPLIST_KEY_UILaunchStoryboardName = LaunchScreen;
				INFOPLIST_KEY_UIMainStoryboardFile = Main;
				INFOPLIST_KEY_UIRequiredDeviceCapabilities = gamekit;
				INFOPLIST_KEY_UIUserInterfaceStyle = Automatic;
				LD_RUNPATH_SEARCH_PATHS = (
					"$(inherited)",
					"@executable_path/Frameworks",
				);
				MARKETING_VERSION = 1.0;
				PRODUCT_BUNDLE_IDENTIFIER = brdevFelipeL.DinoEscapeApp;
				PRODUCT_NAME = DinoEscape;
				SDKROOT = appletvos;
				SWIFT_EMIT_LOC_STRINGS = YES;
				SWIFT_VERSION = 5.0;
				TARGETED_DEVICE_FAMILY = 3;
				TVOS_DEPLOYMENT_TARGET = 15.2;
				VALIDATE_PRODUCT = YES;
			};
			name = Release;
		};
		4AEAEF2E27D676B100BBD809 /* Debug */ = {
			isa = XCBuildConfiguration;
			buildSettings = {
				ASSETCATALOG_COMPILER_APPICON_NAME = AppIcon;
				ASSETCATALOG_COMPILER_GLOBAL_ACCENT_COLOR_NAME = AccentColor;
				CODE_SIGN_ENTITLEMENTS = "DinoEscape macOS/DinoEscape_macOS.entitlements";
				CODE_SIGN_IDENTITY = "Apple Development";
				CODE_SIGN_STYLE = Automatic;
				COMBINE_HIDPI_IMAGES = YES;
				CURRENT_PROJECT_VERSION = 8;
				DEVELOPMENT_TEAM = V8V28A4DX2;
				ENABLE_HARDENED_RUNTIME = YES;
				GENERATE_INFOPLIST_FILE = YES;
				INFOPLIST_FILE = "DinoEscape-macOS-Info.plist";
				INFOPLIST_KEY_LSApplicationCategoryType = "public.app-category.arcade-games";
				INFOPLIST_KEY_NSHumanReadableCopyright = "";
				INFOPLIST_KEY_NSMainStoryboardFile = Main;
				INFOPLIST_KEY_NSPrincipalClass = NSApplication;
				LD_RUNPATH_SEARCH_PATHS = (
					"$(inherited)",
					"@executable_path/../Frameworks",
				);
				MACOSX_DEPLOYMENT_TARGET = 12.1;
				MARKETING_VERSION = 1.0;
				PRODUCT_BUNDLE_IDENTIFIER = brdevFelipeL.DinoEscapeBia;
				PRODUCT_NAME = DinoEscape;
				SDKROOT = macosx;
				SWIFT_EMIT_LOC_STRINGS = YES;
				SWIFT_VERSION = 5.0;
			};
			name = Debug;
		};
		4AEAEF2F27D676B100BBD809 /* Release */ = {
			isa = XCBuildConfiguration;
			buildSettings = {
				ASSETCATALOG_COMPILER_APPICON_NAME = AppIcon;
				ASSETCATALOG_COMPILER_GLOBAL_ACCENT_COLOR_NAME = AccentColor;
				CODE_SIGN_ENTITLEMENTS = "DinoEscape macOS/DinoEscape_macOS.entitlements";
				CODE_SIGN_IDENTITY = "Apple Development";
				CODE_SIGN_STYLE = Automatic;
				COMBINE_HIDPI_IMAGES = YES;
				CURRENT_PROJECT_VERSION = 8;
				DEVELOPMENT_TEAM = V8V28A4DX2;
				ENABLE_HARDENED_RUNTIME = YES;
				GENERATE_INFOPLIST_FILE = YES;
				INFOPLIST_FILE = "DinoEscape-macOS-Info.plist";
				INFOPLIST_KEY_LSApplicationCategoryType = "public.app-category.arcade-games";
				INFOPLIST_KEY_NSHumanReadableCopyright = "";
				INFOPLIST_KEY_NSMainStoryboardFile = Main;
				INFOPLIST_KEY_NSPrincipalClass = NSApplication;
				LD_RUNPATH_SEARCH_PATHS = (
					"$(inherited)",
					"@executable_path/../Frameworks",
				);
				MACOSX_DEPLOYMENT_TARGET = 12.1;
				MARKETING_VERSION = 1.0;
				PRODUCT_BUNDLE_IDENTIFIER = brdevFelipeL.DinoEscapeBia;
				PRODUCT_NAME = DinoEscape;
				SDKROOT = macosx;
				SWIFT_EMIT_LOC_STRINGS = YES;
				SWIFT_VERSION = 5.0;
			};
			name = Release;
		};
/* End XCBuildConfiguration section */

/* Begin XCConfigurationList section */
		4AEAEEE427D676AE00BBD809 /* Build configuration list for PBXProject "DinoEscape" */ = {
			isa = XCConfigurationList;
			buildConfigurations = (
				4AEAEF2527D676B100BBD809 /* Debug */,
				4AEAEF2627D676B100BBD809 /* Release */,
			);
			defaultConfigurationIsVisible = 0;
			defaultConfigurationName = Release;
		};
		4AEAEF2727D676B100BBD809 /* Build configuration list for PBXNativeTarget "DinoEscape iOS" */ = {
			isa = XCConfigurationList;
			buildConfigurations = (
				4AEAEF2827D676B100BBD809 /* Debug */,
				4AEAEF2927D676B100BBD809 /* Release */,
			);
			defaultConfigurationIsVisible = 0;
			defaultConfigurationName = Release;
		};
		4AEAEF2A27D676B100BBD809 /* Build configuration list for PBXNativeTarget "DinoEscape tvOS" */ = {
			isa = XCConfigurationList;
			buildConfigurations = (
				4AEAEF2B27D676B100BBD809 /* Debug */,
				4AEAEF2C27D676B100BBD809 /* Release */,
			);
			defaultConfigurationIsVisible = 0;
			defaultConfigurationName = Release;
		};
		4AEAEF2D27D676B100BBD809 /* Build configuration list for PBXNativeTarget "DinoEscape macOS" */ = {
			isa = XCConfigurationList;
			buildConfigurations = (
				4AEAEF2E27D676B100BBD809 /* Debug */,
				4AEAEF2F27D676B100BBD809 /* Release */,
			);
			defaultConfigurationIsVisible = 0;
			defaultConfigurationName = Release;
		};
/* End XCConfigurationList section */

/* Begin XCVersionGroup section */
		1346CD1127E8F72500014B87 /* Model.xcdatamodeld */ = {
			isa = XCVersionGroup;
			children = (
				1346CD1227E8F72500014B87 /* Model.xcdatamodel */,
			);
			currentVersion = 1346CD1227E8F72500014B87 /* Model.xcdatamodel */;
			path = Model.xcdatamodeld;
			sourceTree = "<group>";
			versionGroupType = wrapper.xcdatamodel;
		};
/* End XCVersionGroup section */
	};
	rootObject = 4AEAEEE127D676AE00BBD809 /* Project object */;
}
